// !$*UTF8*$!
{
	archiveVersion = 1;
	classes = {
	};
	objectVersion = 55;
	objects = {

/* Begin PBXBuildFile section */
		DC42435727298B28000989C2 /* AppDelegate.swift in Sources */ = {isa = PBXBuildFile; fileRef = DC42435627298B28000989C2 /* AppDelegate.swift */; };
		DC42435927298B28000989C2 /* SceneDelegate.swift in Sources */ = {isa = PBXBuildFile; fileRef = DC42435827298B28000989C2 /* SceneDelegate.swift */; };
		DC42435B27298B28000989C2 /* ViewController.swift in Sources */ = {isa = PBXBuildFile; fileRef = DC42435A27298B28000989C2 /* ViewController.swift */; };
		DC42435E27298B28000989C2 /* Main.storyboard in Resources */ = {isa = PBXBuildFile; fileRef = DC42435C27298B28000989C2 /* Main.storyboard */; };
		DC42436027298B2A000989C2 /* Assets.xcassets in Resources */ = {isa = PBXBuildFile; fileRef = DC42435F27298B2A000989C2 /* Assets.xcassets */; };
		DC42436327298B2A000989C2 /* LaunchScreen.storyboard in Resources */ = {isa = PBXBuildFile; fileRef = DC42436127298B2A000989C2 /* LaunchScreen.storyboard */; };
		DC42436E27298B2A000989C2 /* BelalDohal_Lab15_DelegantTests.swift in Sources */ = {isa = PBXBuildFile; fileRef = DC42436D27298B2A000989C2 /* BelalDohal_Lab15_DelegantTests.swift */; };
		DC42437827298B2A000989C2 /* BelalDohal_Lab15_DelegantUITests.swift in Sources */ = {isa = PBXBuildFile; fileRef = DC42437727298B2A000989C2 /* BelalDohal_Lab15_DelegantUITests.swift */; };
		DC42437A27298B2A000989C2 /* BelalDohal_Lab15_DelegantUITestsLaunchTests.swift in Sources */ = {isa = PBXBuildFile; fileRef = DC42437927298B2A000989C2 /* BelalDohal_Lab15_DelegantUITestsLaunchTests.swift */; };
/* End PBXBuildFile section */

/* Begin PBXContainerItemProxy section */
		DC42436A27298B2A000989C2 /* PBXContainerItemProxy */ = {
			isa = PBXContainerItemProxy;
			containerPortal = DC42434B27298B28000989C2 /* Project object */;
			proxyType = 1;
			remoteGlobalIDString = DC42435227298B28000989C2;
			remoteInfo = BelalDohal_Lab15_Delegant;
		};
		DC42437427298B2A000989C2 /* PBXContainerItemProxy */ = {
			isa = PBXContainerItemProxy;
			containerPortal = DC42434B27298B28000989C2 /* Project object */;
			proxyType = 1;
			remoteGlobalIDString = DC42435227298B28000989C2;
			remoteInfo = BelalDohal_Lab15_Delegant;
		};
/* End PBXContainerItemProxy section */

/* Begin PBXFileReference section */
		DC42435327298B28000989C2 /* BelalDohal_Lab15_Delegant.app */ = {isa = PBXFileReference; explicitFileType = wrapper.application; includeInIndex = 0; path = BelalDohal_Lab15_Delegant.app; sourceTree = BUILT_PRODUCTS_DIR; };
		DC42435627298B28000989C2 /* AppDelegate.swift */ = {isa = PBXFileReference; lastKnownFileType = sourcecode.swift; path = AppDelegate.swift; sourceTree = "<group>"; };
		DC42435827298B28000989C2 /* SceneDelegate.swift */ = {isa = PBXFileReference; lastKnownFileType = sourcecode.swift; path = SceneDelegate.swift; sourceTree = "<group>"; };
		DC42435A27298B28000989C2 /* ViewController.swift */ = {isa = PBXFileReference; lastKnownFileType = sourcecode.swift; path = ViewController.swift; sourceTree = "<group>"; };
		DC42435D27298B28000989C2 /* Base */ = {isa = PBXFileReference; lastKnownFileType = file.storyboard; name = Base; path = Base.lproj/Main.storyboard; sourceTree = "<group>"; };
		DC42435F27298B2A000989C2 /* Assets.xcassets */ = {isa = PBXFileReference; lastKnownFileType = folder.assetcatalog; path = Assets.xcassets; sourceTree = "<group>"; };
		DC42436227298B2A000989C2 /* Base */ = {isa = PBXFileReference; lastKnownFileType = file.storyboard; name = Base; path = Base.lproj/LaunchScreen.storyboard; sourceTree = "<group>"; };
		DC42436427298B2A000989C2 /* Info.plist */ = {isa = PBXFileReference; lastKnownFileType = text.plist.xml; path = Info.plist; sourceTree = "<group>"; };
		DC42436927298B2A000989C2 /* BelalDohal_Lab15_DelegantTests.xctest */ = {isa = PBXFileReference; explicitFileType = wrapper.cfbundle; includeInIndex = 0; path = BelalDohal_Lab15_DelegantTests.xctest; sourceTree = BUILT_PRODUCTS_DIR; };
		DC42436D27298B2A000989C2 /* BelalDohal_Lab15_DelegantTests.swift */ = {isa = PBXFileReference; lastKnownFileType = sourcecode.swift; path = BelalDohal_Lab15_DelegantTests.swift; sourceTree = "<group>"; };
		DC42437327298B2A000989C2 /* BelalDohal_Lab15_DelegantUITests.xctest */ = {isa = PBXFileReference; explicitFileType = wrapper.cfbundle; includeInIndex = 0; path = BelalDohal_Lab15_DelegantUITests.xctest; sourceTree = BUILT_PRODUCTS_DIR; };
		DC42437727298B2A000989C2 /* BelalDohal_Lab15_DelegantUITests.swift */ = {isa = PBXFileReference; lastKnownFileType = sourcecode.swift; path = BelalDohal_Lab15_DelegantUITests.swift; sourceTree = "<group>"; };
		DC42437927298B2A000989C2 /* BelalDohal_Lab15_DelegantUITestsLaunchTests.swift */ = {isa = PBXFileReference; lastKnownFileType = sourcecode.swift; path = BelalDohal_Lab15_DelegantUITestsLaunchTests.swift; sourceTree = "<group>"; };
/* End PBXFileReference section */

/* Begin PBXFrameworksBuildPhase section */
		DC42435027298B28000989C2 /* Frameworks */ = {
			isa = PBXFrameworksBuildPhase;
			buildActionMask = 2147483647;
			files = (
			);
			runOnlyForDeploymentPostprocessing = 0;
		};
		DC42436627298B2A000989C2 /* Frameworks */ = {
			isa = PBXFrameworksBuildPhase;
			buildActionMask = 2147483647;
			files = (
			);
			runOnlyForDeploymentPostprocessing = 0;
		};
		DC42437027298B2A000989C2 /* Frameworks */ = {
			isa = PBXFrameworksBuildPhase;
			buildActionMask = 2147483647;
			files = (
			);
			runOnlyForDeploymentPostprocessing = 0;
		};
/* End PBXFrameworksBuildPhase section */

/* Begin PBXGroup section */
		DC42434A27298B28000989C2 = {
			isa = PBXGroup;
			children = (
				DC42435527298B28000989C2 /* BelalDohal_Lab15_Delegant */,
				DC42436C27298B2A000989C2 /* BelalDohal_Lab15_DelegantTests */,
				DC42437627298B2A000989C2 /* BelalDohal_Lab15_DelegantUITests */,
				DC42435427298B28000989C2 /* Products */,
			);
			sourceTree = "<group>";
		};
		DC42435427298B28000989C2 /* Products */ = {
			isa = PBXGroup;
			children = (
				DC42435327298B28000989C2 /* BelalDohal_Lab15_Delegant.app */,
				DC42436927298B2A000989C2 /* BelalDohal_Lab15_DelegantTests.xctest */,
				DC42437327298B2A000989C2 /* BelalDohal_Lab15_DelegantUITests.xctest */,
			);
			name = Products;
			sourceTree = "<group>";
		};
		DC42435527298B28000989C2 /* BelalDohal_Lab15_Delegant */ = {
			isa = PBXGroup;
			children = (
				DC42435627298B28000989C2 /* AppDelegate.swift */,
				DC42435827298B28000989C2 /* SceneDelegate.swift */,
				DC42435A27298B28000989C2 /* ViewController.swift */,
				DC42435C27298B28000989C2 /* Main.storyboard */,
				DC42435F27298B2A000989C2 /* Assets.xcassets */,
				DC42436127298B2A000989C2 /* LaunchScreen.storyboard */,
				DC42436427298B2A000989C2 /* Info.plist */,
			);
			path = BelalDohal_Lab15_Delegant;
			sourceTree = "<group>";
		};
		DC42436C27298B2A000989C2 /* BelalDohal_Lab15_DelegantTests */ = {
			isa = PBXGroup;
			children = (
				DC42436D27298B2A000989C2 /* BelalDohal_Lab15_DelegantTests.swift */,
			);
			path = BelalDohal_Lab15_DelegantTests;
			sourceTree = "<group>";
		};
		DC42437627298B2A000989C2 /* BelalDohal_Lab15_DelegantUITests */ = {
			isa = PBXGroup;
			children = (
				DC42437727298B2A000989C2 /* BelalDohal_Lab15_DelegantUITests.swift */,
				DC42437927298B2A000989C2 /* BelalDohal_Lab15_DelegantUITestsLaunchTests.swift */,
			);
			path = BelalDohal_Lab15_DelegantUITests;
			sourceTree = "<group>";
		};
/* End PBXGroup section */

/* Begin PBXNativeTarget section */
		DC42435227298B28000989C2 /* BelalDohal_Lab15_Delegant */ = {
			isa = PBXNativeTarget;
			buildConfigurationList = DC42437D27298B2A000989C2 /* Build configuration list for PBXNativeTarget "BelalDohal_Lab15_Delegant" */;
			buildPhases = (
				DC42434F27298B28000989C2 /* Sources */,
				DC42435027298B28000989C2 /* Frameworks */,
				DC42435127298B28000989C2 /* Resources */,
			);
			buildRules = (
			);
			dependencies = (
			);
			name = BelalDohal_Lab15_Delegant;
			productName = BelalDohal_Lab15_Delegant;
			productReference = DC42435327298B28000989C2 /* BelalDohal_Lab15_Delegant.app */;
			productType = "com.apple.product-type.application";
		};
		DC42436827298B2A000989C2 /* BelalDohal_Lab15_DelegantTests */ = {
			isa = PBXNativeTarget;
			buildConfigurationList = DC42438027298B2A000989C2 /* Build configuration list for PBXNativeTarget "BelalDohal_Lab15_DelegantTests" */;
			buildPhases = (
				DC42436527298B2A000989C2 /* Sources */,
				DC42436627298B2A000989C2 /* Frameworks */,
				DC42436727298B2A000989C2 /* Resources */,
			);
			buildRules = (
			);
			dependencies = (
				DC42436B27298B2A000989C2 /* PBXTargetDependency */,
			);
			name = BelalDohal_Lab15_DelegantTests;
			productName = BelalDohal_Lab15_DelegantTests;
			productReference = DC42436927298B2A000989C2 /* BelalDohal_Lab15_DelegantTests.xctest */;
			productType = "com.apple.product-type.bundle.unit-test";
		};
		DC42437227298B2A000989C2 /* BelalDohal_Lab15_DelegantUITests */ = {
			isa = PBXNativeTarget;
			buildConfigurationList = DC42438327298B2A000989C2 /* Build configuration list for PBXNativeTarget "BelalDohal_Lab15_DelegantUITests" */;
			buildPhases = (
				DC42436F27298B2A000989C2 /* Sources */,
				DC42437027298B2A000989C2 /* Frameworks */,
				DC42437127298B2A000989C2 /* Resources */,
			);
			buildRules = (
			);
			dependencies = (
				DC42437527298B2A000989C2 /* PBXTargetDependency */,
			);
			name = BelalDohal_Lab15_DelegantUITests;
			productName = BelalDohal_Lab15_DelegantUITests;
			productReference = DC42437327298B2A000989C2 /* BelalDohal_Lab15_DelegantUITests.xctest */;
			productType = "com.apple.product-type.bundle.ui-testing";
		};
/* End PBXNativeTarget section */

/* Begin PBXProject section */
		DC42434B27298B28000989C2 /* Project object */ = {
			isa = PBXProject;
			attributes = {
				BuildIndependentTargetsInParallel = 1;
				LastSwiftUpdateCheck = 1310;
				LastUpgradeCheck = 1310;
				TargetAttributes = {
					DC42435227298B28000989C2 = {
						CreatedOnToolsVersion = 13.1;
					};
					DC42436827298B2A000989C2 = {
						CreatedOnToolsVersion = 13.1;
						TestTargetID = DC42435227298B28000989C2;
					};
					DC42437227298B2A000989C2 = {
						CreatedOnToolsVersion = 13.1;
						TestTargetID = DC42435227298B28000989C2;
					};
				};
			};
			buildConfigurationList = DC42434E27298B28000989C2 /* Build configuration list for PBXProject "BelalDohal_Lab15_Delegant" */;
			compatibilityVersion = "Xcode 13.0";
			developmentRegion = en;
			hasScannedForEncodings = 0;
			knownRegions = (
				en,
				Base,
			);
			mainGroup = DC42434A27298B28000989C2;
			productRefGroup = DC42435427298B28000989C2 /* Products */;
			projectDirPath = "";
			projectRoot = "";
			targets = (
				DC42435227298B28000989C2 /* BelalDohal_Lab15_Delegant */,
				DC42436827298B2A000989C2 /* BelalDohal_Lab15_DelegantTests */,
				DC42437227298B2A000989C2 /* BelalDohal_Lab15_DelegantUITests */,
			);
		};
/* End PBXProject section */

/* Begin PBXResourcesBuildPhase section */
		DC42435127298B28000989C2 /* Resources */ = {
			isa = PBXResourcesBuildPhase;
			buildActionMask = 2147483647;
			files = (
				DC42436327298B2A000989C2 /* LaunchScreen.storyboard in Resources */,
				DC42436027298B2A000989C2 /* Assets.xcassets in Resources */,
				DC42435E27298B28000989C2 /* Main.storyboard in Resources */,
			);
			runOnlyForDeploymentPostprocessing = 0;
		};
		DC42436727298B2A000989C2 /* Resources */ = {
			isa = PBXResourcesBuildPhase;
			buildActionMask = 2147483647;
			files = (
			);
			runOnlyForDeploymentPostprocessing = 0;
		};
		DC42437127298B2A000989C2 /* Resources */ = {
			isa = PBXResourcesBuildPhase;
			buildActionMask = 2147483647;
			files = (
			);
			runOnlyForDeploymentPostprocessing = 0;
		};
/* End PBXResourcesBuildPhase section */

/* Begin PBXSourcesBuildPhase section */
		DC42434F27298B28000989C2 /* Sources */ = {
			isa = PBXSourcesBuildPhase;
			buildActionMask = 2147483647;
			files = (
				DC42435B27298B28000989C2 /* ViewController.swift in Sources */,
				DC42435727298B28000989C2 /* AppDelegate.swift in Sources */,
				DC42435927298B28000989C2 /* SceneDelegate.swift in Sources */,
			);
			runOnlyForDeploymentPostprocessing = 0;
		};
		DC42436527298B2A000989C2 /* Sources */ = {
			isa = PBXSourcesBuildPhase;
			buildActionMask = 2147483647;
			files = (
				DC42436E27298B2A000989C2 /* BelalDohal_Lab15_DelegantTests.swift in Sources */,
			);
			runOnlyForDeploymentPostprocessing = 0;
		};
		DC42436F27298B2A000989C2 /* Sources */ = {
			isa = PBXSourcesBuildPhase;
			buildActionMask = 2147483647;
			files = (
				DC42437A27298B2A000989C2 /* BelalDohal_Lab15_DelegantUITestsLaunchTests.swift in Sources */,
				DC42437827298B2A000989C2 /* BelalDohal_Lab15_DelegantUITests.swift in Sources */,
			);
			runOnlyForDeploymentPostprocessing = 0;
		};
/* End PBXSourcesBuildPhase section */

/* Begin PBXTargetDependency section */
		DC42436B27298B2A000989C2 /* PBXTargetDependency */ = {
			isa = PBXTargetDependency;
			target = DC42435227298B28000989C2 /* BelalDohal_Lab15_Delegant */;
			targetProxy = DC42436A27298B2A000989C2 /* PBXContainerItemProxy */;
		};
		DC42437527298B2A000989C2 /* PBXTargetDependency */ = {
			isa = PBXTargetDependency;
			target = DC42435227298B28000989C2 /* BelalDohal_Lab15_Delegant */;
			targetProxy = DC42437427298B2A000989C2 /* PBXContainerItemProxy */;
		};
/* End PBXTargetDependency section */

/* Begin PBXVariantGroup section */
		DC42435C27298B28000989C2 /* Main.storyboard */ = {
			isa = PBXVariantGroup;
			children = (
				DC42435D27298B28000989C2 /* Base */,
			);
			name = Main.storyboard;
			sourceTree = "<group>";
		};
		DC42436127298B2A000989C2 /* LaunchScreen.storyboard */ = {
			isa = PBXVariantGroup;
			children = (
				DC42436227298B2A000989C2 /* Base */,
			);
			name = LaunchScreen.storyboard;
			sourceTree = "<group>";
		};
/* End PBXVariantGroup section */

/* Begin XCBuildConfiguration section */
		DC42437B27298B2A000989C2 /* Debug */ = {
			isa = XCBuildConfiguration;
			buildSettings = {
				ALWAYS_SEARCH_USER_PATHS = NO;
				CLANG_ANALYZER_NONNULL = YES;
				CLANG_ANALYZER_NUMBER_OBJECT_CONVERSION = YES_AGGRESSIVE;
				CLANG_CXX_LANGUAGE_STANDARD = "gnu++17";
				CLANG_CXX_LIBRARY = "libc++";
				CLANG_ENABLE_MODULES = YES;
				CLANG_ENABLE_OBJC_ARC = YES;
				CLANG_ENABLE_OBJC_WEAK = YES;
				CLANG_WARN_BLOCK_CAPTURE_AUTORELEASING = YES;
				CLANG_WARN_BOOL_CONVERSION = YES;
				CLANG_WARN_COMMA = YES;
				CLANG_WARN_CONSTANT_CONVERSION = YES;
				CLANG_WARN_DEPRECATED_OBJC_IMPLEMENTATIONS = YES;
				CLANG_WARN_DIRECT_OBJC_ISA_USAGE = YES_ERROR;
				CLANG_WARN_DOCUMENTATION_COMMENTS = YES;
				CLANG_WARN_EMPTY_BODY = YES;
				CLANG_WARN_ENUM_CONVERSION = YES;
				CLANG_WARN_INFINITE_RECURSION = YES;
				CLANG_WARN_INT_CONVERSION = YES;
				CLANG_WARN_NON_LITERAL_NULL_CONVERSION = YES;
				CLANG_WARN_OBJC_IMPLICIT_RETAIN_SELF = YES;
				CLANG_WARN_OBJC_LITERAL_CONVERSION = YES;
				CLANG_WARN_OBJC_ROOT_CLASS = YES_ERROR;
				CLANG_WARN_QUOTED_INCLUDE_IN_FRAMEWORK_HEADER = YES;
				CLANG_WARN_RANGE_LOOP_ANALYSIS = YES;
				CLANG_WARN_STRICT_PROTOTYPES = YES;
				CLANG_WARN_SUSPICIOUS_MOVE = YES;
				CLANG_WARN_UNGUARDED_AVAILABILITY = YES_AGGRESSIVE;
				CLANG_WARN_UNREACHABLE_CODE = YES;
				CLANG_WARN__DUPLICATE_METHOD_MATCH = YES;
				COPY_PHASE_STRIP = NO;
				DEBUG_INFORMATION_FORMAT = dwarf;
				ENABLE_STRICT_OBJC_MSGSEND = YES;
				ENABLE_TESTABILITY = YES;
				GCC_C_LANGUAGE_STANDARD = gnu11;
				GCC_DYNAMIC_NO_PIC = NO;
				GCC_NO_COMMON_BLOCKS = YES;
				GCC_OPTIMIZATION_LEVEL = 0;
				GCC_PREPROCESSOR_DEFINITIONS = (
					"DEBUG=1",
					"$(inherited)",
				);
				GCC_WARN_64_TO_32_BIT_CONVERSION = YES;
				GCC_WARN_ABOUT_RETURN_TYPE = YES_ERROR;
				GCC_WARN_UNDECLARED_SELECTOR = YES;
				GCC_WARN_UNINITIALIZED_AUTOS = YES_AGGRESSIVE;
				GCC_WARN_UNUSED_FUNCTION = YES;
				GCC_WARN_UNUSED_VARIABLE = YES;
				IPHONEOS_DEPLOYMENT_TARGET = 15.0;
				MTL_ENABLE_DEBUG_INFO = INCLUDE_SOURCE;
				MTL_FAST_MATH = YES;
				ONLY_ACTIVE_ARCH = YES;
				SDKROOT = iphoneos;
				SWIFT_ACTIVE_COMPILATION_CONDITIONS = DEBUG;
				SWIFT_OPTIMIZATION_LEVEL = "-Onone";
			};
			name = Debug;
		};
		DC42437C27298B2A000989C2 /* Release */ = {
			isa = XCBuildConfiguration;
			buildSettings = {
				ALWAYS_SEARCH_USER_PATHS = NO;
				CLANG_ANALYZER_NONNULL = YES;
				CLANG_ANALYZER_NUMBER_OBJECT_CONVERSION = YES_AGGRESSIVE;
				CLANG_CXX_LANGUAGE_STANDARD = "gnu++17";
				CLANG_CXX_LIBRARY = "libc++";
				CLANG_ENABLE_MODULES = YES;
				CLANG_ENABLE_OBJC_ARC = YES;
				CLANG_ENABLE_OBJC_WEAK = YES;
				CLANG_WARN_BLOCK_CAPTURE_AUTORELEASING = YES;
				CLANG_WARN_BOOL_CONVERSION = YES;
				CLANG_WARN_COMMA = YES;
				CLANG_WARN_CONSTANT_CONVERSION = YES;
				CLANG_WARN_DEPRECATED_OBJC_IMPLEMENTATIONS = YES;
				CLANG_WARN_DIRECT_OBJC_ISA_USAGE = YES_ERROR;
				CLANG_WARN_DOCUMENTATION_COMMENTS = YES;
				CLANG_WARN_EMPTY_BODY = YES;
				CLANG_WARN_ENUM_CONVERSION = YES;
				CLANG_WARN_INFINITE_RECURSION = YES;
				CLANG_WARN_INT_CONVERSION = YES;
				CLANG_WARN_NON_LITERAL_NULL_CONVERSION = YES;
				CLANG_WARN_OBJC_IMPLICIT_RETAIN_SELF = YES;
				CLANG_WARN_OBJC_LITERAL_CONVERSION = YES;
				CLANG_WARN_OBJC_ROOT_CLASS = YES_ERROR;
				CLANG_WARN_QUOTED_INCLUDE_IN_FRAMEWORK_HEADER = YES;
				CLANG_WARN_RANGE_LOOP_ANALYSIS = YES;
				CLANG_WARN_STRICT_PROTOTYPES = YES;
				CLANG_WARN_SUSPICIOUS_MOVE = YES;
				CLANG_WARN_UNGUARDED_AVAILABILITY = YES_AGGRESSIVE;
				CLANG_WARN_UNREACHABLE_CODE = YES;
				CLANG_WARN__DUPLICATE_METHOD_MATCH = YES;
				COPY_PHASE_STRIP = NO;
				DEBUG_INFORMATION_FORMAT = "dwarf-with-dsym";
				ENABLE_NS_ASSERTIONS = NO;
				ENABLE_STRICT_OBJC_MSGSEND = YES;
				GCC_C_LANGUAGE_STANDARD = gnu11;
				GCC_NO_COMMON_BLOCKS = YES;
				GCC_WARN_64_TO_32_BIT_CONVERSION = YES;
				GCC_WARN_ABOUT_RETURN_TYPE = YES_ERROR;
				GCC_WARN_UNDECLARED_SELECTOR = YES;
				GCC_WARN_UNINITIALIZED_AUTOS = YES_AGGRESSIVE;
				GCC_WARN_UNUSED_FUNCTION = YES;
				GCC_WARN_UNUSED_VARIABLE = YES;
				IPHONEOS_DEPLOYMENT_TARGET = 15.0;
				MTL_ENABLE_DEBUG_INFO = NO;
				MTL_FAST_MATH = YES;
				SDKROOT = iphoneos;
				SWIFT_COMPILATION_MODE = wholemodule;
				SWIFT_OPTIMIZATION_LEVEL = "-O";
				VALIDATE_PRODUCT = YES;
			};
			name = Release;
		};
		DC42437E27298B2A000989C2 /* Debug */ = {
			isa = XCBuildConfiguration;
			buildSettings = {
				ASSETCATALOG_COMPILER_APPICON_NAME = AppIcon;
				ASSETCATALOG_COMPILER_GLOBAL_ACCENT_COLOR_NAME = AccentColor;
				CODE_SIGN_STYLE = Automatic;
				CURRENT_PROJECT_VERSION = 1;
				GENERATE_INFOPLIST_FILE = YES;
				INFOPLIST_FILE = BelalDohal_Lab15_Delegant/Info.plist;
				INFOPLIST_KEY_UIApplicationSupportsIndirectInputEvents = YES;
				INFOPLIST_KEY_UILaunchStoryboardName = LaunchScreen;
				INFOPLIST_KEY_UIMainStoryboardFile = Main;
				INFOPLIST_KEY_UISupportedInterfaceOrientations_iPad = "UIInterfaceOrientationPortrait UIInterfaceOrientationPortraitUpsideDown UIInterfaceOrientationLandscapeLeft UIInterfaceOrientationLandscapeRight";
				INFOPLIST_KEY_UISupportedInterfaceOrientations_iPhone = "UIInterfaceOrientationPortrait UIInterfaceOrientationLandscapeLeft UIInterfaceOrientationLandscapeRight";
				LD_RUNPATH_SEARCH_PATHS = (
					"$(inherited)",
					"@executable_path/Frameworks",
				);
				MARKETING_VERSION = 1.0;
				PRODUCT_BUNDLE_IDENTIFIER = "Belal.BelalDohal-Lab15-Delegant";
				PRODUCT_NAME = "$(TARGET_NAME)";
				SWIFT_EMIT_LOC_STRINGS = YES;
				SWIFT_VERSION = 5.0;
				TARGETED_DEVICE_FAMILY = "1,2";
			};
			name = Debug;
		};
		DC42437F27298B2A000989C2 /* Release */ = {
			isa = XCBuildConfiguration;
			buildSettings = {
				ASSETCATALOG_COMPILER_APPICON_NAME = AppIcon;
				ASSETCATALOG_COMPILER_GLOBAL_ACCENT_COLOR_NAME = AccentColor;
				CODE_SIGN_STYLE = Automatic;
				CURRENT_PROJECT_VERSION = 1;
				GENERATE_INFOPLIST_FILE = YES;
				INFOPLIST_FILE = BelalDohal_Lab15_Delegant/Info.plist;
				INFOPLIST_KEY_UIApplicationSupportsIndirectInputEvents = YES;
				INFOPLIST_KEY_UILaunchStoryboardName = LaunchScreen;
				INFOPLIST_KEY_UIMainStoryboardFile = Main;
				INFOPLIST_KEY_UISupportedInterfaceOrientations_iPad = "UIInterfaceOrientationPortrait UIInterfaceOrientationPortraitUpsideDown UIInterfaceOrientationLandscapeLeft UIInterfaceOrientationLandscapeRight";
				INFOPLIST_KEY_UISupportedInterfaceOrientations_iPhone = "UIInterfaceOrientationPortrait UIInterfaceOrientationLandscapeLeft UIInterfaceOrientationLandscapeRight";
				LD_RUNPATH_SEARCH_PATHS = (
					"$(inherited)",
					"@executable_path/Frameworks",
				);
				MARKETING_VERSION = 1.0;
				PRODUCT_BUNDLE_IDENTIFIER = "Belal.BelalDohal-Lab15-Delegant";
				PRODUCT_NAME = "$(TARGET_NAME)";
				SWIFT_EMIT_LOC_STRINGS = YES;
				SWIFT_VERSION = 5.0;
				TARGETED_DEVICE_FAMILY = "1,2";
			};
			name = Release;
		};
		DC42438127298B2A000989C2 /* Debug */ = {
			isa = XCBuildConfiguration;
			buildSettings = {
				ALWAYS_EMBED_SWIFT_STANDARD_LIBRARIES = YES;
				BUNDLE_LOADER = "$(TEST_HOST)";
				CODE_SIGN_STYLE = Automatic;
				CURRENT_PROJECT_VERSION = 1;
				GENERATE_INFOPLIST_FILE = YES;
				IPHONEOS_DEPLOYMENT_TARGET = 15.0;
				LD_RUNPATH_SEARCH_PATHS = (
					"$(inherited)",
					"@executable_path/Frameworks",
					"@loader_path/Frameworks",
				);
				MARKETING_VERSION = 1.0;
				PRODUCT_BUNDLE_IDENTIFIER = "Belal.BelalDohal-Lab15-DelegantTests";
				PRODUCT_NAME = "$(TARGET_NAME)";
				SWIFT_EMIT_LOC_STRINGS = NO;
				SWIFT_VERSION = 5.0;
				TARGETED_DEVICE_FAMILY = "1,2";
				TEST_HOST = "$(BUILT_PRODUCTS_DIR)/BelalDohal_Lab15_Delegant.app/BelalDohal_Lab15_Delegant";
			};
			name = Debug;
		};
		DC42438227298B2A000989C2 /* Release */ = {
			isa = XCBuildConfiguration;
			buildSettings = {
				ALWAYS_EMBED_SWIFT_STANDARD_LIBRARIES = YES;
				BUNDLE_LOADER = "$(TEST_HOST)";
				CODE_SIGN_STYLE = Automatic;
				CURRENT_PROJECT_VERSION = 1;
				GENERATE_INFOPLIST_FILE = YES;
				IPHONEOS_DEPLOYMENT_TARGET = 15.0;
				LD_RUNPATH_SEARCH_PATHS = (
					"$(inherited)",
					"@executable_path/Frameworks",
					"@loader_path/Frameworks",
				);
				MARKETING_VERSION = 1.0;
				PRODUCT_BUNDLE_IDENTIFIER = "Belal.BelalDohal-Lab15-DelegantTests";
				PRODUCT_NAME = "$(TARGET_NAME)";
				SWIFT_EMIT_LOC_STRINGS = NO;
				SWIFT_VERSION = 5.0;
				TARGETED_DEVICE_FAMILY = "1,2";
				TEST_HOST = "$(BUILT_PRODUCTS_DIR)/BelalDohal_Lab15_Delegant.app/BelalDohal_Lab15_Delegant";
			};
			name = Release;
		};
		DC42438427298B2A000989C2 /* Debug */ = {
			isa = XCBuildConfiguration;
			buildSettings = {
				ALWAYS_EMBED_SWIFT_STANDARD_LIBRARIES = YES;
				CODE_SIGN_STYLE = Automatic;
				CURRENT_PROJECT_VERSION = 1;
				GENERATE_INFOPLIST_FILE = YES;
				LD_RUNPATH_SEARCH_PATHS = (
					"$(inherited)",
					"@executable_path/Frameworks",
					"@loader_path/Frameworks",
				);
				MARKETING_VERSION = 1.0;
				PRODUCT_BUNDLE_IDENTIFIER = "Belal.BelalDohal-Lab15-DelegantUITests";
				PRODUCT_NAME = "$(TARGET_NAME)";
				SWIFT_EMIT_LOC_STRINGS = NO;
				SWIFT_VERSION = 5.0;
				TARGETED_DEVICE_FAMILY = "1,2";
				TEST_TARGET_NAME = BelalDohal_Lab15_Delegant;
			};
			name = Debug;
		};
		DC42438527298B2A000989C2 /* Release */ = {
			isa = XCBuildConfiguration;
			buildSettings = {
				ALWAYS_EMBED_SWIFT_STANDARD_LIBRARIES = YES;
				CODE_SIGN_STYLE = Automatic;
				CURRENT_PROJECT_VERSION = 1;
				GENERATE_INFOPLIST_FILE = YES;
				LD_RUNPATH_SEARCH_PATHS = (
					"$(inherited)",
					"@executable_path/Frameworks",
					"@loader_path/Frameworks",
				);
				MARKETING_VERSION = 1.0;
				PRODUCT_BUNDLE_IDENTIFIER = "Belal.BelalDohal-Lab15-DelegantUITests";
				PRODUCT_NAME = "$(TARGET_NAME)";
				SWIFT_EMIT_LOC_STRINGS = NO;
				SWIFT_VERSION = 5.0;
				TARGETED_DEVICE_FAMILY = "1,2";
				TEST_TARGET_NAME = BelalDohal_Lab15_Delegant;
			};
			name = Release;
		};
/* End XCBuildConfiguration section */

/* Begin XCConfigurationList section */
		DC42434E27298B28000989C2 /* Build configuration list for PBXProject "BelalDohal_Lab15_Delegant" */ = {
			isa = XCConfigurationList;
			buildConfigurations = (
				DC42437B27298B2A000989C2 /* Debug */,
				DC42437C27298B2A000989C2 /* Release */,
			);
			defaultConfigurationIsVisible = 0;
			defaultConfigurationName = Release;
		};
		DC42437D27298B2A000989C2 /* Build configuration list for PBXNativeTarget "BelalDohal_Lab15_Delegant" */ = {
			isa = XCConfigurationList;
			buildConfigurations = (
				DC42437E27298B2A000989C2 /* Debug */,
				DC42437F27298B2A000989C2 /* Release */,
			);
			defaultConfigurationIsVisible = 0;
			defaultConfigurationName = Release;
		};
		DC42438027298B2A000989C2 /* Build configuration list for PBXNativeTarget "BelalDohal_Lab15_DelegantTests" */ = {
			isa = XCConfigurationList;
			buildConfigurations = (
				DC42438127298B2A000989C2 /* Debug */,
				DC42438227298B2A000989C2 /* Release */,
			);
			defaultConfigurationIsVisible = 0;
			defaultConfigurationName = Release;
		};
		DC42438327298B2A000989C2 /* Build configuration list for PBXNativeTarget "BelalDohal_Lab15_DelegantUITests" */ = {
			isa = XCConfigurationList;
			buildConfigurations = (
				DC42438427298B2A000989C2 /* Debug */,
				DC42438527298B2A000989C2 /* Release */,
			);
			defaultConfigurationIsVisible = 0;
			defaultConfigurationName = Release;
		};
/* End XCConfigurationList section */
	};
	rootObject = DC42434B27298B28000989C2 /* Project object */;
}
