// !$*UTF8*$!
{
	archiveVersion = 1;
	classes = {
	};
	objectVersion = 55;
	objects = {

/* Begin PBXBuildFile section */
		C6CA756F272A4C29007C97C7 /* AppDelegate.swift in Sources */ = {isa = PBXBuildFile; fileRef = C6CA756E272A4C29007C97C7 /* AppDelegate.swift */; };
		C6CA7571272A4C29007C97C7 /* SceneDelegate.swift in Sources */ = {isa = PBXBuildFile; fileRef = C6CA7570272A4C29007C97C7 /* SceneDelegate.swift */; };
		C6CA7573272A4C29007C97C7 /* ViewController.swift in Sources */ = {isa = PBXBuildFile; fileRef = C6CA7572272A4C29007C97C7 /* ViewController.swift */; };
		C6CA7576272A4C29007C97C7 /* Main.storyboard in Resources */ = {isa = PBXBuildFile; fileRef = C6CA7574272A4C29007C97C7 /* Main.storyboard */; };
		C6CA7578272A4C2A007C97C7 /* Assets.xcassets in Resources */ = {isa = PBXBuildFile; fileRef = C6CA7577272A4C2A007C97C7 /* Assets.xcassets */; };
		C6CA757B272A4C2A007C97C7 /* LaunchScreen.storyboard in Resources */ = {isa = PBXBuildFile; fileRef = C6CA7579272A4C2A007C97C7 /* LaunchScreen.storyboard */; };
		C6CA7586272A4C2A007C97C7 /* HamadHarisi_Lab15_LoginTests.swift in Sources */ = {isa = PBXBuildFile; fileRef = C6CA7585272A4C2A007C97C7 /* HamadHarisi_Lab15_LoginTests.swift */; };
		C6CA7590272A4C2A007C97C7 /* HamadHarisi_Lab15_LoginUITests.swift in Sources */ = {isa = PBXBuildFile; fileRef = C6CA758F272A4C2A007C97C7 /* HamadHarisi_Lab15_LoginUITests.swift */; };
		C6CA7592272A4C2A007C97C7 /* HamadHarisi_Lab15_LoginUITestsLaunchTests.swift in Sources */ = {isa = PBXBuildFile; fileRef = C6CA7591272A4C2A007C97C7 /* HamadHarisi_Lab15_LoginUITestsLaunchTests.swift */; };
/* End PBXBuildFile section */

/* Begin PBXContainerItemProxy section */
		C6CA7582272A4C2A007C97C7 /* PBXContainerItemProxy */ = {
			isa = PBXContainerItemProxy;
			containerPortal = C6CA7563272A4C29007C97C7 /* Project object */;
			proxyType = 1;
			remoteGlobalIDString = C6CA756A272A4C29007C97C7;
			remoteInfo = HamadHarisi_Lab15_Login;
		};
		C6CA758C272A4C2A007C97C7 /* PBXContainerItemProxy */ = {
			isa = PBXContainerItemProxy;
			containerPortal = C6CA7563272A4C29007C97C7 /* Project object */;
			proxyType = 1;
			remoteGlobalIDString = C6CA756A272A4C29007C97C7;
			remoteInfo = HamadHarisi_Lab15_Login;
		};
/* End PBXContainerItemProxy section */

/* Begin PBXFileReference section */
		C6CA756B272A4C29007C97C7 /* HamadHarisi_Lab15_Login.app */ = {isa = PBXFileReference; explicitFileType = wrapper.application; includeInIndex = 0; path = HamadHarisi_Lab15_Login.app; sourceTree = BUILT_PRODUCTS_DIR; };
		C6CA756E272A4C29007C97C7 /* AppDelegate.swift */ = {isa = PBXFileReference; lastKnownFileType = sourcecode.swift; path = AppDelegate.swift; sourceTree = "<group>"; };
		C6CA7570272A4C29007C97C7 /* SceneDelegate.swift */ = {isa = PBXFileReference; lastKnownFileType = sourcecode.swift; path = SceneDelegate.swift; sourceTree = "<group>"; };
		C6CA7572272A4C29007C97C7 /* ViewController.swift */ = {isa = PBXFileReference; lastKnownFileType = sourcecode.swift; path = ViewController.swift; sourceTree = "<group>"; };
		C6CA7575272A4C29007C97C7 /* Base */ = {isa = PBXFileReference; lastKnownFileType = file.storyboard; name = Base; path = Base.lproj/Main.storyboard; sourceTree = "<group>"; };
		C6CA7577272A4C2A007C97C7 /* Assets.xcassets */ = {isa = PBXFileReference; lastKnownFileType = folder.assetcatalog; path = Assets.xcassets; sourceTree = "<group>"; };
		C6CA757A272A4C2A007C97C7 /* Base */ = {isa = PBXFileReference; lastKnownFileType = file.storyboard; name = Base; path = Base.lproj/LaunchScreen.storyboard; sourceTree = "<group>"; };
		C6CA757C272A4C2A007C97C7 /* Info.plist */ = {isa = PBXFileReference; lastKnownFileType = text.plist.xml; path = Info.plist; sourceTree = "<group>"; };
		C6CA7581272A4C2A007C97C7 /* HamadHarisi_Lab15_LoginTests.xctest */ = {isa = PBXFileReference; explicitFileType = wrapper.cfbundle; includeInIndex = 0; path = HamadHarisi_Lab15_LoginTests.xctest; sourceTree = BUILT_PRODUCTS_DIR; };
		C6CA7585272A4C2A007C97C7 /* HamadHarisi_Lab15_LoginTests.swift */ = {isa = PBXFileReference; lastKnownFileType = sourcecode.swift; path = HamadHarisi_Lab15_LoginTests.swift; sourceTree = "<group>"; };
		C6CA758B272A4C2A007C97C7 /* HamadHarisi_Lab15_LoginUITests.xctest */ = {isa = PBXFileReference; explicitFileType = wrapper.cfbundle; includeInIndex = 0; path = HamadHarisi_Lab15_LoginUITests.xctest; sourceTree = BUILT_PRODUCTS_DIR; };
		C6CA758F272A4C2A007C97C7 /* HamadHarisi_Lab15_LoginUITests.swift */ = {isa = PBXFileReference; lastKnownFileType = sourcecode.swift; path = HamadHarisi_Lab15_LoginUITests.swift; sourceTree = "<group>"; };
		C6CA7591272A4C2A007C97C7 /* HamadHarisi_Lab15_LoginUITestsLaunchTests.swift */ = {isa = PBXFileReference; lastKnownFileType = sourcecode.swift; path = HamadHarisi_Lab15_LoginUITestsLaunchTests.swift; sourceTree = "<group>"; };
/* End PBXFileReference section */

/* Begin PBXFrameworksBuildPhase section */
		C6CA7568272A4C29007C97C7 /* Frameworks */ = {
			isa = PBXFrameworksBuildPhase;
			buildActionMask = 2147483647;
			files = (
			);
			runOnlyForDeploymentPostprocessing = 0;
		};
		C6CA757E272A4C2A007C97C7 /* Frameworks */ = {
			isa = PBXFrameworksBuildPhase;
			buildActionMask = 2147483647;
			files = (
			);
			runOnlyForDeploymentPostprocessing = 0;
		};
		C6CA7588272A4C2A007C97C7 /* Frameworks */ = {
			isa = PBXFrameworksBuildPhase;
			buildActionMask = 2147483647;
			files = (
			);
			runOnlyForDeploymentPostprocessing = 0;
		};
/* End PBXFrameworksBuildPhase section */

/* Begin PBXGroup section */
		C6CA7562272A4C29007C97C7 = {
			isa = PBXGroup;
			children = (
				C6CA756D272A4C29007C97C7 /* HamadHarisi_Lab15_Login */,
				C6CA7584272A4C2A007C97C7 /* HamadHarisi_Lab15_LoginTests */,
				C6CA758E272A4C2A007C97C7 /* HamadHarisi_Lab15_LoginUITests */,
				C6CA756C272A4C29007C97C7 /* Products */,
			);
			sourceTree = "<group>";
		};
		C6CA756C272A4C29007C97C7 /* Products */ = {
			isa = PBXGroup;
			children = (
				C6CA756B272A4C29007C97C7 /* HamadHarisi_Lab15_Login.app */,
				C6CA7581272A4C2A007C97C7 /* HamadHarisi_Lab15_LoginTests.xctest */,
				C6CA758B272A4C2A007C97C7 /* HamadHarisi_Lab15_LoginUITests.xctest */,
			);
			name = Products;
			sourceTree = "<group>";
		};
		C6CA756D272A4C29007C97C7 /* HamadHarisi_Lab15_Login */ = {
			isa = PBXGroup;
			children = (
				C6CA756E272A4C29007C97C7 /* AppDelegate.swift */,
				C6CA7570272A4C29007C97C7 /* SceneDelegate.swift */,
				C6CA7572272A4C29007C97C7 /* ViewController.swift */,
				C6CA7574272A4C29007C97C7 /* Main.storyboard */,
				C6CA7577272A4C2A007C97C7 /* Assets.xcassets */,
				C6CA7579272A4C2A007C97C7 /* LaunchScreen.storyboard */,
				C6CA757C272A4C2A007C97C7 /* Info.plist */,
			);
			path = HamadHarisi_Lab15_Login;
			sourceTree = "<group>";
		};
		C6CA7584272A4C2A007C97C7 /* HamadHarisi_Lab15_LoginTests */ = {
			isa = PBXGroup;
			children = (
				C6CA7585272A4C2A007C97C7 /* HamadHarisi_Lab15_LoginTests.swift */,
			);
			path = HamadHarisi_Lab15_LoginTests;
			sourceTree = "<group>";
		};
		C6CA758E272A4C2A007C97C7 /* HamadHarisi_Lab15_LoginUITests */ = {
			isa = PBXGroup;
			children = (
				C6CA758F272A4C2A007C97C7 /* HamadHarisi_Lab15_LoginUITests.swift */,
				C6CA7591272A4C2A007C97C7 /* HamadHarisi_Lab15_LoginUITestsLaunchTests.swift */,
			);
			path = HamadHarisi_Lab15_LoginUITests;
			sourceTree = "<group>";
		};
/* End PBXGroup section */

/* Begin PBXNativeTarget section */
		C6CA756A272A4C29007C97C7 /* HamadHarisi_Lab15_Login */ = {
			isa = PBXNativeTarget;
			buildConfigurationList = C6CA7595272A4C2A007C97C7 /* Build configuration list for PBXNativeTarget "HamadHarisi_Lab15_Login" */;
			buildPhases = (
				C6CA7567272A4C29007C97C7 /* Sources */,
				C6CA7568272A4C29007C97C7 /* Frameworks */,
				C6CA7569272A4C29007C97C7 /* Resources */,
			);
			buildRules = (
			);
			dependencies = (
			);
			name = HamadHarisi_Lab15_Login;
			productName = HamadHarisi_Lab15_Login;
			productReference = C6CA756B272A4C29007C97C7 /* HamadHarisi_Lab15_Login.app */;
			productType = "com.apple.product-type.application";
		};
		C6CA7580272A4C2A007C97C7 /* HamadHarisi_Lab15_LoginTests */ = {
			isa = PBXNativeTarget;
			buildConfigurationList = C6CA7598272A4C2A007C97C7 /* Build configuration list for PBXNativeTarget "HamadHarisi_Lab15_LoginTests" */;
			buildPhases = (
				C6CA757D272A4C2A007C97C7 /* Sources */,
				C6CA757E272A4C2A007C97C7 /* Frameworks */,
				C6CA757F272A4C2A007C97C7 /* Resources */,
			);
			buildRules = (
			);
			dependencies = (
				C6CA7583272A4C2A007C97C7 /* PBXTargetDependency */,
			);
			name = HamadHarisi_Lab15_LoginTests;
			productName = HamadHarisi_Lab15_LoginTests;
			productReference = C6CA7581272A4C2A007C97C7 /* HamadHarisi_Lab15_LoginTests.xctest */;
			productType = "com.apple.product-type.bundle.unit-test";
		};
		C6CA758A272A4C2A007C97C7 /* HamadHarisi_Lab15_LoginUITests */ = {
			isa = PBXNativeTarget;
			buildConfigurationList = C6CA759B272A4C2A007C97C7 /* Build configuration list for PBXNativeTarget "HamadHarisi_Lab15_LoginUITests" */;
			buildPhases = (
				C6CA7587272A4C2A007C97C7 /* Sources */,
				C6CA7588272A4C2A007C97C7 /* Frameworks */,
				C6CA7589272A4C2A007C97C7 /* Resources */,
			);
			buildRules = (
			);
			dependencies = (
				C6CA758D272A4C2A007C97C7 /* PBXTargetDependency */,
			);
			name = HamadHarisi_Lab15_LoginUITests;
			productName = HamadHarisi_Lab15_LoginUITests;
			productReference = C6CA758B272A4C2A007C97C7 /* HamadHarisi_Lab15_LoginUITests.xctest */;
			productType = "com.apple.product-type.bundle.ui-testing";
		};
/* End PBXNativeTarget section */

/* Begin PBXProject section */
		C6CA7563272A4C29007C97C7 /* Project object */ = {
			isa = PBXProject;
			attributes = {
				BuildIndependentTargetsInParallel = 1;
				LastSwiftUpdateCheck = 1310;
				LastUpgradeCheck = 1310;
				TargetAttributes = {
					C6CA756A272A4C29007C97C7 = {
						CreatedOnToolsVersion = 13.1;
					};
					C6CA7580272A4C2A007C97C7 = {
						CreatedOnToolsVersion = 13.1;
						TestTargetID = C6CA756A272A4C29007C97C7;
					};
					C6CA758A272A4C2A007C97C7 = {
						CreatedOnToolsVersion = 13.1;
						TestTargetID = C6CA756A272A4C29007C97C7;
					};
				};
			};
			buildConfigurationList = C6CA7566272A4C29007C97C7 /* Build configuration list for PBXProject "HamadHarisi_Lab15_Login" */;
			compatibilityVersion = "Xcode 13.0";
			developmentRegion = en;
			hasScannedForEncodings = 0;
			knownRegions = (
				en,
				Base,
			);
			mainGroup = C6CA7562272A4C29007C97C7;
			productRefGroup = C6CA756C272A4C29007C97C7 /* Products */;
			projectDirPath = "";
			projectRoot = "";
			targets = (
				C6CA756A272A4C29007C97C7 /* HamadHarisi_Lab15_Login */,
				C6CA7580272A4C2A007C97C7 /* HamadHarisi_Lab15_LoginTests */,
				C6CA758A272A4C2A007C97C7 /* HamadHarisi_Lab15_LoginUITests */,
			);
		};
/* End PBXProject section */

/* Begin PBXResourcesBuildPhase section */
		C6CA7569272A4C29007C97C7 /* Resources */ = {
			isa = PBXResourcesBuildPhase;
			buildActionMask = 2147483647;
			files = (
				C6CA757B272A4C2A007C97C7 /* LaunchScreen.storyboard in Resources */,
				C6CA7578272A4C2A007C97C7 /* Assets.xcassets in Resources */,
				C6CA7576272A4C29007C97C7 /* Main.storyboard in Resources */,
			);
			runOnlyForDeploymentPostprocessing = 0;
		};
		C6CA757F272A4C2A007C97C7 /* Resources */ = {
			isa = PBXResourcesBuildPhase;
			buildActionMask = 2147483647;
			files = (
			);
			runOnlyForDeploymentPostprocessing = 0;
		};
		C6CA7589272A4C2A007C97C7 /* Resources */ = {
			isa = PBXResourcesBuildPhase;
			buildActionMask = 2147483647;
			files = (
			);
			runOnlyForDeploymentPostprocessing = 0;
		};
/* End PBXResourcesBuildPhase section */

/* Begin PBXSourcesBuildPhase section */
		C6CA7567272A4C29007C97C7 /* Sources */ = {
			isa = PBXSourcesBuildPhase;
			buildActionMask = 2147483647;
			files = (
				C6CA7573272A4C29007C97C7 /* ViewController.swift in Sources */,
				C6CA756F272A4C29007C97C7 /* AppDelegate.swift in Sources */,
				C6CA7571272A4C29007C97C7 /* SceneDelegate.swift in Sources */,
			);
			runOnlyForDeploymentPostprocessing = 0;
		};
		C6CA757D272A4C2A007C97C7 /* Sources */ = {
			isa = PBXSourcesBuildPhase;
			buildActionMask = 2147483647;
			files = (
				C6CA7586272A4C2A007C97C7 /* HamadHarisi_Lab15_LoginTests.swift in Sources */,
			);
			runOnlyForDeploymentPostprocessing = 0;
		};
		C6CA7587272A4C2A007C97C7 /* Sources */ = {
			isa = PBXSourcesBuildPhase;
			buildActionMask = 2147483647;
			files = (
				C6CA7592272A4C2A007C97C7 /* HamadHarisi_Lab15_LoginUITestsLaunchTests.swift in Sources */,
				C6CA7590272A4C2A007C97C7 /* HamadHarisi_Lab15_LoginUITests.swift in Sources */,
			);
			runOnlyForDeploymentPostprocessing = 0;
		};
/* End PBXSourcesBuildPhase section */

/* Begin PBXTargetDependency section */
		C6CA7583272A4C2A007C97C7 /* PBXTargetDependency */ = {
			isa = PBXTargetDependency;
			target = C6CA756A272A4C29007C97C7 /* HamadHarisi_Lab15_Login */;
			targetProxy = C6CA7582272A4C2A007C97C7 /* PBXContainerItemProxy */;
		};
		C6CA758D272A4C2A007C97C7 /* PBXTargetDependency */ = {
			isa = PBXTargetDependency;
			target = C6CA756A272A4C29007C97C7 /* HamadHarisi_Lab15_Login */;
			targetProxy = C6CA758C272A4C2A007C97C7 /* PBXContainerItemProxy */;
		};
/* End PBXTargetDependency section */

/* Begin PBXVariantGroup section */
		C6CA7574272A4C29007C97C7 /* Main.storyboard */ = {
			isa = PBXVariantGroup;
			children = (
				C6CA7575272A4C29007C97C7 /* Base */,
			);
			name = Main.storyboard;
			sourceTree = "<group>";
		};
		C6CA7579272A4C2A007C97C7 /* LaunchScreen.storyboard */ = {
			isa = PBXVariantGroup;
			children = (
				C6CA757A272A4C2A007C97C7 /* Base */,
			);
			name = LaunchScreen.storyboard;
			sourceTree = "<group>";
		};
/* End PBXVariantGroup section */

/* Begin XCBuildConfiguration section */
		C6CA7593272A4C2A007C97C7 /* Debug */ = {
			isa = XCBuildConfiguration;
			buildSettings = {
				ALWAYS_SEARCH_USER_PATHS = NO;
				CLANG_ANALYZER_NONNULL = YES;
				CLANG_ANALYZER_NUMBER_OBJECT_CONVERSION = YES_AGGRESSIVE;
				CLANG_CXX_LANGUAGE_STANDARD = "gnu++17";
				CLANG_CXX_LIBRARY = "libc++";
				CLANG_ENABLE_MODULES = YES;
				CLANG_ENABLE_OBJC_ARC = YES;
				CLANG_ENABLE_OBJC_WEAK = YES;
				CLANG_WARN_BLOCK_CAPTURE_AUTORELEASING = YES;
				CLANG_WARN_BOOL_CONVERSION = YES;
				CLANG_WARN_COMMA = YES;
				CLANG_WARN_CONSTANT_CONVERSION = YES;
				CLANG_WARN_DEPRECATED_OBJC_IMPLEMENTATIONS = YES;
				CLANG_WARN_DIRECT_OBJC_ISA_USAGE = YES_ERROR;
				CLANG_WARN_DOCUMENTATION_COMMENTS = YES;
				CLANG_WARN_EMPTY_BODY = YES;
				CLANG_WARN_ENUM_CONVERSION = YES;
				CLANG_WARN_INFINITE_RECURSION = YES;
				CLANG_WARN_INT_CONVERSION = YES;
				CLANG_WARN_NON_LITERAL_NULL_CONVERSION = YES;
				CLANG_WARN_OBJC_IMPLICIT_RETAIN_SELF = YES;
				CLANG_WARN_OBJC_LITERAL_CONVERSION = YES;
				CLANG_WARN_OBJC_ROOT_CLASS = YES_ERROR;
				CLANG_WARN_QUOTED_INCLUDE_IN_FRAMEWORK_HEADER = YES;
				CLANG_WARN_RANGE_LOOP_ANALYSIS = YES;
				CLANG_WARN_STRICT_PROTOTYPES = YES;
				CLANG_WARN_SUSPICIOUS_MOVE = YES;
				CLANG_WARN_UNGUARDED_AVAILABILITY = YES_AGGRESSIVE;
				CLANG_WARN_UNREACHABLE_CODE = YES;
				CLANG_WARN__DUPLICATE_METHOD_MATCH = YES;
				COPY_PHASE_STRIP = NO;
				DEBUG_INFORMATION_FORMAT = dwarf;
				ENABLE_STRICT_OBJC_MSGSEND = YES;
				ENABLE_TESTABILITY = YES;
				GCC_C_LANGUAGE_STANDARD = gnu11;
				GCC_DYNAMIC_NO_PIC = NO;
				GCC_NO_COMMON_BLOCKS = YES;
				GCC_OPTIMIZATION_LEVEL = 0;
				GCC_PREPROCESSOR_DEFINITIONS = (
					"DEBUG=1",
					"$(inherited)",
				);
				GCC_WARN_64_TO_32_BIT_CONVERSION = YES;
				GCC_WARN_ABOUT_RETURN_TYPE = YES_ERROR;
				GCC_WARN_UNDECLARED_SELECTOR = YES;
				GCC_WARN_UNINITIALIZED_AUTOS = YES_AGGRESSIVE;
				GCC_WARN_UNUSED_FUNCTION = YES;
				GCC_WARN_UNUSED_VARIABLE = YES;
				IPHONEOS_DEPLOYMENT_TARGET = 15.0;
				MTL_ENABLE_DEBUG_INFO = INCLUDE_SOURCE;
				MTL_FAST_MATH = YES;
				ONLY_ACTIVE_ARCH = YES;
				SDKROOT = iphoneos;
				SWIFT_ACTIVE_COMPILATION_CONDITIONS = DEBUG;
				SWIFT_OPTIMIZATION_LEVEL = "-Onone";
			};
			name = Debug;
		};
		C6CA7594272A4C2A007C97C7 /* Release */ = {
			isa = XCBuildConfiguration;
			buildSettings = {
				ALWAYS_SEARCH_USER_PATHS = NO;
				CLANG_ANALYZER_NONNULL = YES;
				CLANG_ANALYZER_NUMBER_OBJECT_CONVERSION = YES_AGGRESSIVE;
				CLANG_CXX_LANGUAGE_STANDARD = "gnu++17";
				CLANG_CXX_LIBRARY = "libc++";
				CLANG_ENABLE_MODULES = YES;
				CLANG_ENABLE_OBJC_ARC = YES;
				CLANG_ENABLE_OBJC_WEAK = YES;
				CLANG_WARN_BLOCK_CAPTURE_AUTORELEASING = YES;
				CLANG_WARN_BOOL_CONVERSION = YES;
				CLANG_WARN_COMMA = YES;
				CLANG_WARN_CONSTANT_CONVERSION = YES;
				CLANG_WARN_DEPRECATED_OBJC_IMPLEMENTATIONS = YES;
				CLANG_WARN_DIRECT_OBJC_ISA_USAGE = YES_ERROR;
				CLANG_WARN_DOCUMENTATION_COMMENTS = YES;
				CLANG_WARN_EMPTY_BODY = YES;
				CLANG_WARN_ENUM_CONVERSION = YES;
				CLANG_WARN_INFINITE_RECURSION = YES;
				CLANG_WARN_INT_CONVERSION = YES;
				CLANG_WARN_NON_LITERAL_NULL_CONVERSION = YES;
				CLANG_WARN_OBJC_IMPLICIT_RETAIN_SELF = YES;
				CLANG_WARN_OBJC_LITERAL_CONVERSION = YES;
				CLANG_WARN_OBJC_ROOT_CLASS = YES_ERROR;
				CLANG_WARN_QUOTED_INCLUDE_IN_FRAMEWORK_HEADER = YES;
				CLANG_WARN_RANGE_LOOP_ANALYSIS = YES;
				CLANG_WARN_STRICT_PROTOTYPES = YES;
				CLANG_WARN_SUSPICIOUS_MOVE = YES;
				CLANG_WARN_UNGUARDED_AVAILABILITY = YES_AGGRESSIVE;
				CLANG_WARN_UNREACHABLE_CODE = YES;
				CLANG_WARN__DUPLICATE_METHOD_MATCH = YES;
				COPY_PHASE_STRIP = NO;
				DEBUG_INFORMATION_FORMAT = "dwarf-with-dsym";
				ENABLE_NS_ASSERTIONS = NO;
				ENABLE_STRICT_OBJC_MSGSEND = YES;
				GCC_C_LANGUAGE_STANDARD = gnu11;
				GCC_NO_COMMON_BLOCKS = YES;
				GCC_WARN_64_TO_32_BIT_CONVERSION = YES;
				GCC_WARN_ABOUT_RETURN_TYPE = YES_ERROR;
				GCC_WARN_UNDECLARED_SELECTOR = YES;
				GCC_WARN_UNINITIALIZED_AUTOS = YES_AGGRESSIVE;
				GCC_WARN_UNUSED_FUNCTION = YES;
				GCC_WARN_UNUSED_VARIABLE = YES;
				IPHONEOS_DEPLOYMENT_TARGET = 15.0;
				MTL_ENABLE_DEBUG_INFO = NO;
				MTL_FAST_MATH = YES;
				SDKROOT = iphoneos;
				SWIFT_COMPILATION_MODE = wholemodule;
				SWIFT_OPTIMIZATION_LEVEL = "-O";
				VALIDATE_PRODUCT = YES;
			};
			name = Release;
		};
		C6CA7596272A4C2A007C97C7 /* Debug */ = {
			isa = XCBuildConfiguration;
			buildSettings = {
				ASSETCATALOG_COMPILER_APPICON_NAME = AppIcon;
				ASSETCATALOG_COMPILER_GLOBAL_ACCENT_COLOR_NAME = AccentColor;
				CODE_SIGN_STYLE = Automatic;
				CURRENT_PROJECT_VERSION = 1;
				GENERATE_INFOPLIST_FILE = YES;
				INFOPLIST_FILE = HamadHarisi_Lab15_Login/Info.plist;
				INFOPLIST_KEY_UIApplicationSupportsIndirectInputEvents = YES;
				INFOPLIST_KEY_UILaunchStoryboardName = LaunchScreen;
				INFOPLIST_KEY_UIMainStoryboardFile = Main;
				INFOPLIST_KEY_UISupportedInterfaceOrientations_iPad = "UIInterfaceOrientationPortrait UIInterfaceOrientationPortraitUpsideDown UIInterfaceOrientationLandscapeLeft UIInterfaceOrientationLandscapeRight";
				INFOPLIST_KEY_UISupportedInterfaceOrientations_iPhone = "UIInterfaceOrientationPortrait UIInterfaceOrientationLandscapeLeft UIInterfaceOrientationLandscapeRight";
				LD_RUNPATH_SEARCH_PATHS = (
					"$(inherited)",
					"@executable_path/Frameworks",
				);
				MARKETING_VERSION = 1.0;
				PRODUCT_BUNDLE_IDENTIFIER = "HamadHarisi-Lab15-Login.HamadHarisi-Lab15-Login";
				PRODUCT_NAME = "$(TARGET_NAME)";
				SWIFT_EMIT_LOC_STRINGS = YES;
				SWIFT_VERSION = 5.0;
				TARGETED_DEVICE_FAMILY = "1,2";
			};
			name = Debug;
		};
		C6CA7597272A4C2A007C97C7 /* Release */ = {
			isa = XCBuildConfiguration;
			buildSettings = {
				ASSETCATALOG_COMPILER_APPICON_NAME = AppIcon;
				ASSETCATALOG_COMPILER_GLOBAL_ACCENT_COLOR_NAME = AccentColor;
				CODE_SIGN_STYLE = Automatic;
				CURRENT_PROJECT_VERSION = 1;
				GENERATE_INFOPLIST_FILE = YES;
				INFOPLIST_FILE = HamadHarisi_Lab15_Login/Info.plist;
				INFOPLIST_KEY_UIApplicationSupportsIndirectInputEvents = YES;
				INFOPLIST_KEY_UILaunchStoryboardName = LaunchScreen;
				INFOPLIST_KEY_UIMainStoryboardFile = Main;
				INFOPLIST_KEY_UISupportedInterfaceOrientations_iPad = "UIInterfaceOrientationPortrait UIInterfaceOrientationPortraitUpsideDown UIInterfaceOrientationLandscapeLeft UIInterfaceOrientationLandscapeRight";
				INFOPLIST_KEY_UISupportedInterfaceOrientations_iPhone = "UIInterfaceOrientationPortrait UIInterfaceOrientationLandscapeLeft UIInterfaceOrientationLandscapeRight";
				LD_RUNPATH_SEARCH_PATHS = (
					"$(inherited)",
					"@executable_path/Frameworks",
				);
				MARKETING_VERSION = 1.0;
				PRODUCT_BUNDLE_IDENTIFIER = "HamadHarisi-Lab15-Login.HamadHarisi-Lab15-Login";
				PRODUCT_NAME = "$(TARGET_NAME)";
				SWIFT_EMIT_LOC_STRINGS = YES;
				SWIFT_VERSION = 5.0;
				TARGETED_DEVICE_FAMILY = "1,2";
			};
			name = Release;
		};
		C6CA7599272A4C2A007C97C7 /* Debug */ = {
			isa = XCBuildConfiguration;
			buildSettings = {
				ALWAYS_EMBED_SWIFT_STANDARD_LIBRARIES = YES;
				BUNDLE_LOADER = "$(TEST_HOST)";
				CODE_SIGN_STYLE = Automatic;
				CURRENT_PROJECT_VERSION = 1;
				GENERATE_INFOPLIST_FILE = YES;
				IPHONEOS_DEPLOYMENT_TARGET = 15.0;
				LD_RUNPATH_SEARCH_PATHS = (
					"$(inherited)",
					"@executable_path/Frameworks",
					"@loader_path/Frameworks",
				);
				MARKETING_VERSION = 1.0;
				PRODUCT_BUNDLE_IDENTIFIER = "HamadHarisi-Lab15-Login.HamadHarisi-Lab15-LoginTests";
				PRODUCT_NAME = "$(TARGET_NAME)";
				SWIFT_EMIT_LOC_STRINGS = NO;
				SWIFT_VERSION = 5.0;
				TARGETED_DEVICE_FAMILY = "1,2";
				TEST_HOST = "$(BUILT_PRODUCTS_DIR)/HamadHarisi_Lab15_Login.app/HamadHarisi_Lab15_Login";
			};
			name = Debug;
		};
		C6CA759A272A4C2A007C97C7 /* Release */ = {
			isa = XCBuildConfiguration;
			buildSettings = {
				ALWAYS_EMBED_SWIFT_STANDARD_LIBRARIES = YES;
				BUNDLE_LOADER = "$(TEST_HOST)";
				CODE_SIGN_STYLE = Automatic;
				CURRENT_PROJECT_VERSION = 1;
				GENERATE_INFOPLIST_FILE = YES;
				IPHONEOS_DEPLOYMENT_TARGET = 15.0;
				LD_RUNPATH_SEARCH_PATHS = (
					"$(inherited)",
					"@executable_path/Frameworks",
					"@loader_path/Frameworks",
				);
				MARKETING_VERSION = 1.0;
				PRODUCT_BUNDLE_IDENTIFIER = "HamadHarisi-Lab15-Login.HamadHarisi-Lab15-LoginTests";
				PRODUCT_NAME = "$(TARGET_NAME)";
				SWIFT_EMIT_LOC_STRINGS = NO;
				SWIFT_VERSION = 5.0;
				TARGETED_DEVICE_FAMILY = "1,2";
				TEST_HOST = "$(BUILT_PRODUCTS_DIR)/HamadHarisi_Lab15_Login.app/HamadHarisi_Lab15_Login";
			};
			name = Release;
		};
		C6CA759C272A4C2A007C97C7 /* Debug */ = {
			isa = XCBuildConfiguration;
			buildSettings = {
				ALWAYS_EMBED_SWIFT_STANDARD_LIBRARIES = YES;
				CODE_SIGN_STYLE = Automatic;
				CURRENT_PROJECT_VERSION = 1;
				GENERATE_INFOPLIST_FILE = YES;
				LD_RUNPATH_SEARCH_PATHS = (
					"$(inherited)",
					"@executable_path/Frameworks",
					"@loader_path/Frameworks",
				);
				MARKETING_VERSION = 1.0;
				PRODUCT_BUNDLE_IDENTIFIER = "HamadHarisi-Lab15-Login.HamadHarisi-Lab15-LoginUITests";
				PRODUCT_NAME = "$(TARGET_NAME)";
				SWIFT_EMIT_LOC_STRINGS = NO;
				SWIFT_VERSION = 5.0;
				TARGETED_DEVICE_FAMILY = "1,2";
				TEST_TARGET_NAME = HamadHarisi_Lab15_Login;
			};
			name = Debug;
		};
		C6CA759D272A4C2A007C97C7 /* Release */ = {
			isa = XCBuildConfiguration;
			buildSettings = {
				ALWAYS_EMBED_SWIFT_STANDARD_LIBRARIES = YES;
				CODE_SIGN_STYLE = Automatic;
				CURRENT_PROJECT_VERSION = 1;
				GENERATE_INFOPLIST_FILE = YES;
				LD_RUNPATH_SEARCH_PATHS = (
					"$(inherited)",
					"@executable_path/Frameworks",
					"@loader_path/Frameworks",
				);
				MARKETING_VERSION = 1.0;
				PRODUCT_BUNDLE_IDENTIFIER = "HamadHarisi-Lab15-Login.HamadHarisi-Lab15-LoginUITests";
				PRODUCT_NAME = "$(TARGET_NAME)";
				SWIFT_EMIT_LOC_STRINGS = NO;
				SWIFT_VERSION = 5.0;
				TARGETED_DEVICE_FAMILY = "1,2";
				TEST_TARGET_NAME = HamadHarisi_Lab15_Login;
			};
			name = Release;
		};
/* End XCBuildConfiguration section */

/* Begin XCConfigurationList section */
		C6CA7566272A4C29007C97C7 /* Build configuration list for PBXProject "HamadHarisi_Lab15_Login" */ = {
			isa = XCConfigurationList;
			buildConfigurations = (
				C6CA7593272A4C2A007C97C7 /* Debug */,
				C6CA7594272A4C2A007C97C7 /* Release */,
			);
			defaultConfigurationIsVisible = 0;
			defaultConfigurationName = Release;
		};
		C6CA7595272A4C2A007C97C7 /* Build configuration list for PBXNativeTarget "HamadHarisi_Lab15_Login" */ = {
			isa = XCConfigurationList;
			buildConfigurations = (
				C6CA7596272A4C2A007C97C7 /* Debug */,
				C6CA7597272A4C2A007C97C7 /* Release */,
			);
			defaultConfigurationIsVisible = 0;
			defaultConfigurationName = Release;
		};
		C6CA7598272A4C2A007C97C7 /* Build configuration list for PBXNativeTarget "HamadHarisi_Lab15_LoginTests" */ = {
			isa = XCConfigurationList;
			buildConfigurations = (
				C6CA7599272A4C2A007C97C7 /* Debug */,
				C6CA759A272A4C2A007C97C7 /* Release */,
			);
			defaultConfigurationIsVisible = 0;
			defaultConfigurationName = Release;
		};
		C6CA759B272A4C2A007C97C7 /* Build configuration list for PBXNativeTarget "HamadHarisi_Lab15_LoginUITests" */ = {
			isa = XCConfigurationList;
			buildConfigurations = (
				C6CA759C272A4C2A007C97C7 /* Debug */,
				C6CA759D272A4C2A007C97C7 /* Release */,
			);
			defaultConfigurationIsVisible = 0;
			defaultConfigurationName = Release;
		};
/* End XCConfigurationList section */
	};
	rootObject = C6CA7563272A4C29007C97C7 /* Project object */;
}
