// !$*UTF8*$!
{
	archiveVersion = 1;
	classes = {
	};
	objectVersion = 55;
	objects = {

/* Begin PBXBuildFile section */
		4596CAD22729AFFD00E35C7C /* AppDelegate.swift in Sources */ = {isa = PBXBuildFile; fileRef = 4596CAD12729AFFD00E35C7C /* AppDelegate.swift */; };
		4596CAD42729AFFD00E35C7C /* SceneDelegate.swift in Sources */ = {isa = PBXBuildFile; fileRef = 4596CAD32729AFFD00E35C7C /* SceneDelegate.swift */; };
		4596CAD62729AFFD00E35C7C /* ViewController.swift in Sources */ = {isa = PBXBuildFile; fileRef = 4596CAD52729AFFD00E35C7C /* ViewController.swift */; };
		4596CAD92729AFFD00E35C7C /* Main.storyboard in Resources */ = {isa = PBXBuildFile; fileRef = 4596CAD72729AFFD00E35C7C /* Main.storyboard */; };
		4596CADB2729AFFD00E35C7C /* Assets.xcassets in Resources */ = {isa = PBXBuildFile; fileRef = 4596CADA2729AFFD00E35C7C /* Assets.xcassets */; };
		4596CADE2729AFFD00E35C7C /* LaunchScreen.storyboard in Resources */ = {isa = PBXBuildFile; fileRef = 4596CADC2729AFFD00E35C7C /* LaunchScreen.storyboard */; };
		4596CAE92729AFFD00E35C7C /* Yasir_lab15Tests.swift in Sources */ = {isa = PBXBuildFile; fileRef = 4596CAE82729AFFD00E35C7C /* Yasir_lab15Tests.swift */; };
		4596CAF32729AFFD00E35C7C /* Yasir_lab15UITests.swift in Sources */ = {isa = PBXBuildFile; fileRef = 4596CAF22729AFFD00E35C7C /* Yasir_lab15UITests.swift */; };
		4596CAF52729AFFD00E35C7C /* Yasir_lab15UITestsLaunchTests.swift in Sources */ = {isa = PBXBuildFile; fileRef = 4596CAF42729AFFD00E35C7C /* Yasir_lab15UITestsLaunchTests.swift */; };
/* End PBXBuildFile section */

/* Begin PBXContainerItemProxy section */
		4596CAE52729AFFD00E35C7C /* PBXContainerItemProxy */ = {
			isa = PBXContainerItemProxy;
			containerPortal = 4596CAC62729AFFD00E35C7C /* Project object */;
			proxyType = 1;
			remoteGlobalIDString = 4596CACD2729AFFD00E35C7C;
			remoteInfo = Yasir_lab15;
		};
		4596CAEF2729AFFD00E35C7C /* PBXContainerItemProxy */ = {
			isa = PBXContainerItemProxy;
			containerPortal = 4596CAC62729AFFD00E35C7C /* Project object */;
			proxyType = 1;
			remoteGlobalIDString = 4596CACD2729AFFD00E35C7C;
			remoteInfo = Yasir_lab15;
		};
/* End PBXContainerItemProxy section */

/* Begin PBXFileReference section */
		4596CACE2729AFFD00E35C7C /* Yasir_lab15.app */ = {isa = PBXFileReference; explicitFileType = wrapper.application; includeInIndex = 0; path = Yasir_lab15.app; sourceTree = BUILT_PRODUCTS_DIR; };
		4596CAD12729AFFD00E35C7C /* AppDelegate.swift */ = {isa = PBXFileReference; lastKnownFileType = sourcecode.swift; path = AppDelegate.swift; sourceTree = "<group>"; };
		4596CAD32729AFFD00E35C7C /* SceneDelegate.swift */ = {isa = PBXFileReference; lastKnownFileType = sourcecode.swift; path = SceneDelegate.swift; sourceTree = "<group>"; };
		4596CAD52729AFFD00E35C7C /* ViewController.swift */ = {isa = PBXFileReference; lastKnownFileType = sourcecode.swift; path = ViewController.swift; sourceTree = "<group>"; };
		4596CAD82729AFFD00E35C7C /* Base */ = {isa = PBXFileReference; lastKnownFileType = file.storyboard; name = Base; path = Base.lproj/Main.storyboard; sourceTree = "<group>"; };
		4596CADA2729AFFD00E35C7C /* Assets.xcassets */ = {isa = PBXFileReference; lastKnownFileType = folder.assetcatalog; path = Assets.xcassets; sourceTree = "<group>"; };
		4596CADD2729AFFD00E35C7C /* Base */ = {isa = PBXFileReference; lastKnownFileType = file.storyboard; name = Base; path = Base.lproj/LaunchScreen.storyboard; sourceTree = "<group>"; };
		4596CADF2729AFFD00E35C7C /* Info.plist */ = {isa = PBXFileReference; lastKnownFileType = text.plist.xml; path = Info.plist; sourceTree = "<group>"; };
		4596CAE42729AFFD00E35C7C /* Yasir_lab15Tests.xctest */ = {isa = PBXFileReference; explicitFileType = wrapper.cfbundle; includeInIndex = 0; path = Yasir_lab15Tests.xctest; sourceTree = BUILT_PRODUCTS_DIR; };
		4596CAE82729AFFD00E35C7C /* Yasir_lab15Tests.swift */ = {isa = PBXFileReference; lastKnownFileType = sourcecode.swift; path = Yasir_lab15Tests.swift; sourceTree = "<group>"; };
		4596CAEE2729AFFD00E35C7C /* Yasir_lab15UITests.xctest */ = {isa = PBXFileReference; explicitFileType = wrapper.cfbundle; includeInIndex = 0; path = Yasir_lab15UITests.xctest; sourceTree = BUILT_PRODUCTS_DIR; };
		4596CAF22729AFFD00E35C7C /* Yasir_lab15UITests.swift */ = {isa = PBXFileReference; lastKnownFileType = sourcecode.swift; path = Yasir_lab15UITests.swift; sourceTree = "<group>"; };
		4596CAF42729AFFD00E35C7C /* Yasir_lab15UITestsLaunchTests.swift */ = {isa = PBXFileReference; lastKnownFileType = sourcecode.swift; path = Yasir_lab15UITestsLaunchTests.swift; sourceTree = "<group>"; };
/* End PBXFileReference section */

/* Begin PBXFrameworksBuildPhase section */
		4596CACB2729AFFD00E35C7C /* Frameworks */ = {
			isa = PBXFrameworksBuildPhase;
			buildActionMask = 2147483647;
			files = (
			);
			runOnlyForDeploymentPostprocessing = 0;
		};
		4596CAE12729AFFD00E35C7C /* Frameworks */ = {
			isa = PBXFrameworksBuildPhase;
			buildActionMask = 2147483647;
			files = (
			);
			runOnlyForDeploymentPostprocessing = 0;
		};
		4596CAEB2729AFFD00E35C7C /* Frameworks */ = {
			isa = PBXFrameworksBuildPhase;
			buildActionMask = 2147483647;
			files = (
			);
			runOnlyForDeploymentPostprocessing = 0;
		};
/* End PBXFrameworksBuildPhase section */

/* Begin PBXGroup section */
		4596CAC52729AFFD00E35C7C = {
			isa = PBXGroup;
			children = (
				4596CAD02729AFFD00E35C7C /* Yasir_lab15 */,
				4596CAE72729AFFD00E35C7C /* Yasir_lab15Tests */,
				4596CAF12729AFFD00E35C7C /* Yasir_lab15UITests */,
				4596CACF2729AFFD00E35C7C /* Products */,
			);
			sourceTree = "<group>";
		};
		4596CACF2729AFFD00E35C7C /* Products */ = {
			isa = PBXGroup;
			children = (
				4596CACE2729AFFD00E35C7C /* Yasir_lab15.app */,
				4596CAE42729AFFD00E35C7C /* Yasir_lab15Tests.xctest */,
				4596CAEE2729AFFD00E35C7C /* Yasir_lab15UITests.xctest */,
			);
			name = Products;
			sourceTree = "<group>";
		};
		4596CAD02729AFFD00E35C7C /* Yasir_lab15 */ = {
			isa = PBXGroup;
			children = (
				4596CAD12729AFFD00E35C7C /* AppDelegate.swift */,
				4596CAD32729AFFD00E35C7C /* SceneDelegate.swift */,
				4596CAD52729AFFD00E35C7C /* ViewController.swift */,
				4596CAD72729AFFD00E35C7C /* Main.storyboard */,
				4596CADA2729AFFD00E35C7C /* Assets.xcassets */,
				4596CADC2729AFFD00E35C7C /* LaunchScreen.storyboard */,
				4596CADF2729AFFD00E35C7C /* Info.plist */,
			);
			path = Yasir_lab15;
			sourceTree = "<group>";
		};
		4596CAE72729AFFD00E35C7C /* Yasir_lab15Tests */ = {
			isa = PBXGroup;
			children = (
				4596CAE82729AFFD00E35C7C /* Yasir_lab15Tests.swift */,
			);
			path = Yasir_lab15Tests;
			sourceTree = "<group>";
		};
		4596CAF12729AFFD00E35C7C /* Yasir_lab15UITests */ = {
			isa = PBXGroup;
			children = (
				4596CAF22729AFFD00E35C7C /* Yasir_lab15UITests.swift */,
				4596CAF42729AFFD00E35C7C /* Yasir_lab15UITestsLaunchTests.swift */,
			);
			path = Yasir_lab15UITests;
			sourceTree = "<group>";
		};
/* End PBXGroup section */

/* Begin PBXNativeTarget section */
		4596CACD2729AFFD00E35C7C /* Yasir_lab15 */ = {
			isa = PBXNativeTarget;
			buildConfigurationList = 4596CAF82729AFFD00E35C7C /* Build configuration list for PBXNativeTarget "Yasir_lab15" */;
			buildPhases = (
				4596CACA2729AFFD00E35C7C /* Sources */,
				4596CACB2729AFFD00E35C7C /* Frameworks */,
				4596CACC2729AFFD00E35C7C /* Resources */,
			);
			buildRules = (
			);
			dependencies = (
			);
			name = Yasir_lab15;
			productName = Yasir_lab15;
			productReference = 4596CACE2729AFFD00E35C7C /* Yasir_lab15.app */;
			productType = "com.apple.product-type.application";
		};
		4596CAE32729AFFD00E35C7C /* Yasir_lab15Tests */ = {
			isa = PBXNativeTarget;
			buildConfigurationList = 4596CAFB2729AFFD00E35C7C /* Build configuration list for PBXNativeTarget "Yasir_lab15Tests" */;
			buildPhases = (
				4596CAE02729AFFD00E35C7C /* Sources */,
				4596CAE12729AFFD00E35C7C /* Frameworks */,
				4596CAE22729AFFD00E35C7C /* Resources */,
			);
			buildRules = (
			);
			dependencies = (
				4596CAE62729AFFD00E35C7C /* PBXTargetDependency */,
			);
			name = Yasir_lab15Tests;
			productName = Yasir_lab15Tests;
			productReference = 4596CAE42729AFFD00E35C7C /* Yasir_lab15Tests.xctest */;
			productType = "com.apple.product-type.bundle.unit-test";
		};
		4596CAED2729AFFD00E35C7C /* Yasir_lab15UITests */ = {
			isa = PBXNativeTarget;
			buildConfigurationList = 4596CAFE2729AFFD00E35C7C /* Build configuration list for PBXNativeTarget "Yasir_lab15UITests" */;
			buildPhases = (
				4596CAEA2729AFFD00E35C7C /* Sources */,
				4596CAEB2729AFFD00E35C7C /* Frameworks */,
				4596CAEC2729AFFD00E35C7C /* Resources */,
			);
			buildRules = (
			);
			dependencies = (
				4596CAF02729AFFD00E35C7C /* PBXTargetDependency */,
			);
			name = Yasir_lab15UITests;
			productName = Yasir_lab15UITests;
			productReference = 4596CAEE2729AFFD00E35C7C /* Yasir_lab15UITests.xctest */;
			productType = "com.apple.product-type.bundle.ui-testing";
		};
/* End PBXNativeTarget section */

/* Begin PBXProject section */
		4596CAC62729AFFD00E35C7C /* Project object */ = {
			isa = PBXProject;
			attributes = {
				BuildIndependentTargetsInParallel = 1;
				LastSwiftUpdateCheck = 1300;
				LastUpgradeCheck = 1300;
				TargetAttributes = {
					4596CACD2729AFFD00E35C7C = {
						CreatedOnToolsVersion = 13.0;
					};
					4596CAE32729AFFD00E35C7C = {
						CreatedOnToolsVersion = 13.0;
						TestTargetID = 4596CACD2729AFFD00E35C7C;
					};
					4596CAED2729AFFD00E35C7C = {
						CreatedOnToolsVersion = 13.0;
						TestTargetID = 4596CACD2729AFFD00E35C7C;
					};
				};
			};
			buildConfigurationList = 4596CAC92729AFFD00E35C7C /* Build configuration list for PBXProject "Yasir_lab15" */;
			compatibilityVersion = "Xcode 13.0";
			developmentRegion = en;
			hasScannedForEncodings = 0;
			knownRegions = (
				en,
				Base,
			);
			mainGroup = 4596CAC52729AFFD00E35C7C;
			productRefGroup = 4596CACF2729AFFD00E35C7C /* Products */;
			projectDirPath = "";
			projectRoot = "";
			targets = (
				4596CACD2729AFFD00E35C7C /* Yasir_lab15 */,
				4596CAE32729AFFD00E35C7C /* Yasir_lab15Tests */,
				4596CAED2729AFFD00E35C7C /* Yasir_lab15UITests */,
			);
		};
/* End PBXProject section */

/* Begin PBXResourcesBuildPhase section */
		4596CACC2729AFFD00E35C7C /* Resources */ = {
			isa = PBXResourcesBuildPhase;
			buildActionMask = 2147483647;
			files = (
				4596CADE2729AFFD00E35C7C /* LaunchScreen.storyboard in Resources */,
				4596CADB2729AFFD00E35C7C /* Assets.xcassets in Resources */,
				4596CAD92729AFFD00E35C7C /* Main.storyboard in Resources */,
			);
			runOnlyForDeploymentPostprocessing = 0;
		};
		4596CAE22729AFFD00E35C7C /* Resources */ = {
			isa = PBXResourcesBuildPhase;
			buildActionMask = 2147483647;
			files = (
			);
			runOnlyForDeploymentPostprocessing = 0;
		};
		4596CAEC2729AFFD00E35C7C /* Resources */ = {
			isa = PBXResourcesBuildPhase;
			buildActionMask = 2147483647;
			files = (
			);
			runOnlyForDeploymentPostprocessing = 0;
		};
/* End PBXResourcesBuildPhase section */

/* Begin PBXSourcesBuildPhase section */
		4596CACA2729AFFD00E35C7C /* Sources */ = {
			isa = PBXSourcesBuildPhase;
			buildActionMask = 2147483647;
			files = (
				4596CAD62729AFFD00E35C7C /* ViewController.swift in Sources */,
				4596CAD22729AFFD00E35C7C /* AppDelegate.swift in Sources */,
				4596CAD42729AFFD00E35C7C /* SceneDelegate.swift in Sources */,
			);
			runOnlyForDeploymentPostprocessing = 0;
		};
		4596CAE02729AFFD00E35C7C /* Sources */ = {
			isa = PBXSourcesBuildPhase;
			buildActionMask = 2147483647;
			files = (
				4596CAE92729AFFD00E35C7C /* Yasir_lab15Tests.swift in Sources */,
			);
			runOnlyForDeploymentPostprocessing = 0;
		};
		4596CAEA2729AFFD00E35C7C /* Sources */ = {
			isa = PBXSourcesBuildPhase;
			buildActionMask = 2147483647;
			files = (
				4596CAF32729AFFD00E35C7C /* Yasir_lab15UITests.swift in Sources */,
				4596CAF52729AFFD00E35C7C /* Yasir_lab15UITestsLaunchTests.swift in Sources */,
			);
			runOnlyForDeploymentPostprocessing = 0;
		};
/* End PBXSourcesBuildPhase section */

/* Begin PBXTargetDependency section */
		4596CAE62729AFFD00E35C7C /* PBXTargetDependency */ = {
			isa = PBXTargetDependency;
			target = 4596CACD2729AFFD00E35C7C /* Yasir_lab15 */;
			targetProxy = 4596CAE52729AFFD00E35C7C /* PBXContainerItemProxy */;
		};
		4596CAF02729AFFD00E35C7C /* PBXTargetDependency */ = {
			isa = PBXTargetDependency;
			target = 4596CACD2729AFFD00E35C7C /* Yasir_lab15 */;
			targetProxy = 4596CAEF2729AFFD00E35C7C /* PBXContainerItemProxy */;
		};
/* End PBXTargetDependency section */

/* Begin PBXVariantGroup section */
		4596CAD72729AFFD00E35C7C /* Main.storyboard */ = {
			isa = PBXVariantGroup;
			children = (
				4596CAD82729AFFD00E35C7C /* Base */,
			);
			name = Main.storyboard;
			sourceTree = "<group>";
		};
		4596CADC2729AFFD00E35C7C /* LaunchScreen.storyboard */ = {
			isa = PBXVariantGroup;
			children = (
				4596CADD2729AFFD00E35C7C /* Base */,
			);
			name = LaunchScreen.storyboard;
			sourceTree = "<group>";
		};
/* End PBXVariantGroup section */

/* Begin XCBuildConfiguration section */
		4596CAF62729AFFD00E35C7C /* Debug */ = {
			isa = XCBuildConfiguration;
			buildSettings = {
				ALWAYS_SEARCH_USER_PATHS = NO;
				CLANG_ANALYZER_NONNULL = YES;
				CLANG_ANALYZER_NUMBER_OBJECT_CONVERSION = YES_AGGRESSIVE;
				CLANG_CXX_LANGUAGE_STANDARD = "gnu++17";
				CLANG_CXX_LIBRARY = "libc++";
				CLANG_ENABLE_MODULES = YES;
				CLANG_ENABLE_OBJC_ARC = YES;
				CLANG_ENABLE_OBJC_WEAK = YES;
				CLANG_WARN_BLOCK_CAPTURE_AUTORELEASING = YES;
				CLANG_WARN_BOOL_CONVERSION = YES;
				CLANG_WARN_COMMA = YES;
				CLANG_WARN_CONSTANT_CONVERSION = YES;
				CLANG_WARN_DEPRECATED_OBJC_IMPLEMENTATIONS = YES;
				CLANG_WARN_DIRECT_OBJC_ISA_USAGE = YES_ERROR;
				CLANG_WARN_DOCUMENTATION_COMMENTS = YES;
				CLANG_WARN_EMPTY_BODY = YES;
				CLANG_WARN_ENUM_CONVERSION = YES;
				CLANG_WARN_INFINITE_RECURSION = YES;
				CLANG_WARN_INT_CONVERSION = YES;
				CLANG_WARN_NON_LITERAL_NULL_CONVERSION = YES;
				CLANG_WARN_OBJC_IMPLICIT_RETAIN_SELF = YES;
				CLANG_WARN_OBJC_LITERAL_CONVERSION = YES;
				CLANG_WARN_OBJC_ROOT_CLASS = YES_ERROR;
				CLANG_WARN_QUOTED_INCLUDE_IN_FRAMEWORK_HEADER = YES;
				CLANG_WARN_RANGE_LOOP_ANALYSIS = YES;
				CLANG_WARN_STRICT_PROTOTYPES = YES;
				CLANG_WARN_SUSPICIOUS_MOVE = YES;
				CLANG_WARN_UNGUARDED_AVAILABILITY = YES_AGGRESSIVE;
				CLANG_WARN_UNREACHABLE_CODE = YES;
				CLANG_WARN__DUPLICATE_METHOD_MATCH = YES;
				COPY_PHASE_STRIP = NO;
				DEBUG_INFORMATION_FORMAT = dwarf;
				ENABLE_STRICT_OBJC_MSGSEND = YES;
				ENABLE_TESTABILITY = YES;
				GCC_C_LANGUAGE_STANDARD = gnu11;
				GCC_DYNAMIC_NO_PIC = NO;
				GCC_NO_COMMON_BLOCKS = YES;
				GCC_OPTIMIZATION_LEVEL = 0;
				GCC_PREPROCESSOR_DEFINITIONS = (
					"DEBUG=1",
					"$(inherited)",
				);
				GCC_WARN_64_TO_32_BIT_CONVERSION = YES;
				GCC_WARN_ABOUT_RETURN_TYPE = YES_ERROR;
				GCC_WARN_UNDECLARED_SELECTOR = YES;
				GCC_WARN_UNINITIALIZED_AUTOS = YES_AGGRESSIVE;
				GCC_WARN_UNUSED_FUNCTION = YES;
				GCC_WARN_UNUSED_VARIABLE = YES;
				IPHONEOS_DEPLOYMENT_TARGET = 15.0;
				MTL_ENABLE_DEBUG_INFO = INCLUDE_SOURCE;
				MTL_FAST_MATH = YES;
				ONLY_ACTIVE_ARCH = YES;
				SDKROOT = iphoneos;
				SWIFT_ACTIVE_COMPILATION_CONDITIONS = DEBUG;
				SWIFT_OPTIMIZATION_LEVEL = "-Onone";
			};
			name = Debug;
		};
		4596CAF72729AFFD00E35C7C /* Release */ = {
			isa = XCBuildConfiguration;
			buildSettings = {
				ALWAYS_SEARCH_USER_PATHS = NO;
				CLANG_ANALYZER_NONNULL = YES;
				CLANG_ANALYZER_NUMBER_OBJECT_CONVERSION = YES_AGGRESSIVE;
				CLANG_CXX_LANGUAGE_STANDARD = "gnu++17";
				CLANG_CXX_LIBRARY = "libc++";
				CLANG_ENABLE_MODULES = YES;
				CLANG_ENABLE_OBJC_ARC = YES;
				CLANG_ENABLE_OBJC_WEAK = YES;
				CLANG_WARN_BLOCK_CAPTURE_AUTORELEASING = YES;
				CLANG_WARN_BOOL_CONVERSION = YES;
				CLANG_WARN_COMMA = YES;
				CLANG_WARN_CONSTANT_CONVERSION = YES;
				CLANG_WARN_DEPRECATED_OBJC_IMPLEMENTATIONS = YES;
				CLANG_WARN_DIRECT_OBJC_ISA_USAGE = YES_ERROR;
				CLANG_WARN_DOCUMENTATION_COMMENTS = YES;
				CLANG_WARN_EMPTY_BODY = YES;
				CLANG_WARN_ENUM_CONVERSION = YES;
				CLANG_WARN_INFINITE_RECURSION = YES;
				CLANG_WARN_INT_CONVERSION = YES;
				CLANG_WARN_NON_LITERAL_NULL_CONVERSION = YES;
				CLANG_WARN_OBJC_IMPLICIT_RETAIN_SELF = YES;
				CLANG_WARN_OBJC_LITERAL_CONVERSION = YES;
				CLANG_WARN_OBJC_ROOT_CLASS = YES_ERROR;
				CLANG_WARN_QUOTED_INCLUDE_IN_FRAMEWORK_HEADER = YES;
				CLANG_WARN_RANGE_LOOP_ANALYSIS = YES;
				CLANG_WARN_STRICT_PROTOTYPES = YES;
				CLANG_WARN_SUSPICIOUS_MOVE = YES;
				CLANG_WARN_UNGUARDED_AVAILABILITY = YES_AGGRESSIVE;
				CLANG_WARN_UNREACHABLE_CODE = YES;
				CLANG_WARN__DUPLICATE_METHOD_MATCH = YES;
				COPY_PHASE_STRIP = NO;
				DEBUG_INFORMATION_FORMAT = "dwarf-with-dsym";
				ENABLE_NS_ASSERTIONS = NO;
				ENABLE_STRICT_OBJC_MSGSEND = YES;
				GCC_C_LANGUAGE_STANDARD = gnu11;
				GCC_NO_COMMON_BLOCKS = YES;
				GCC_WARN_64_TO_32_BIT_CONVERSION = YES;
				GCC_WARN_ABOUT_RETURN_TYPE = YES_ERROR;
				GCC_WARN_UNDECLARED_SELECTOR = YES;
				GCC_WARN_UNINITIALIZED_AUTOS = YES_AGGRESSIVE;
				GCC_WARN_UNUSED_FUNCTION = YES;
				GCC_WARN_UNUSED_VARIABLE = YES;
				IPHONEOS_DEPLOYMENT_TARGET = 15.0;
				MTL_ENABLE_DEBUG_INFO = NO;
				MTL_FAST_MATH = YES;
				SDKROOT = iphoneos;
				SWIFT_COMPILATION_MODE = wholemodule;
				SWIFT_OPTIMIZATION_LEVEL = "-O";
				VALIDATE_PRODUCT = YES;
			};
			name = Release;
		};
		4596CAF92729AFFD00E35C7C /* Debug */ = {
			isa = XCBuildConfiguration;
			buildSettings = {
				ASSETCATALOG_COMPILER_APPICON_NAME = AppIcon;
				ASSETCATALOG_COMPILER_GLOBAL_ACCENT_COLOR_NAME = AccentColor;
				CODE_SIGN_STYLE = Automatic;
				CURRENT_PROJECT_VERSION = 1;
				GENERATE_INFOPLIST_FILE = YES;
				INFOPLIST_FILE = Yasir_lab15/Info.plist;
				INFOPLIST_KEY_UIApplicationSupportsIndirectInputEvents = YES;
				INFOPLIST_KEY_UILaunchStoryboardName = LaunchScreen;
				INFOPLIST_KEY_UIMainStoryboardFile = Main;
				INFOPLIST_KEY_UISupportedInterfaceOrientations_iPad = "UIInterfaceOrientationPortrait UIInterfaceOrientationPortraitUpsideDown UIInterfaceOrientationLandscapeLeft UIInterfaceOrientationLandscapeRight";
				INFOPLIST_KEY_UISupportedInterfaceOrientations_iPhone = "UIInterfaceOrientationPortrait UIInterfaceOrientationLandscapeLeft UIInterfaceOrientationLandscapeRight";
				LD_RUNPATH_SEARCH_PATHS = (
					"$(inherited)",
					"@executable_path/Frameworks",
				);
				MARKETING_VERSION = 1.0;
				PRODUCT_BUNDLE_IDENTIFIER = "tuwaiq.ios.Yasir-lab15";
				PRODUCT_NAME = "$(TARGET_NAME)";
				SWIFT_EMIT_LOC_STRINGS = YES;
				SWIFT_VERSION = 5.0;
				TARGETED_DEVICE_FAMILY = "1,2";
			};
			name = Debug;
		};
		4596CAFA2729AFFD00E35C7C /* Release */ = {
			isa = XCBuildConfiguration;
			buildSettings = {
				ASSETCATALOG_COMPILER_APPICON_NAME = AppIcon;
				ASSETCATALOG_COMPILER_GLOBAL_ACCENT_COLOR_NAME = AccentColor;
				CODE_SIGN_STYLE = Automatic;
				CURRENT_PROJECT_VERSION = 1;
				GENERATE_INFOPLIST_FILE = YES;
				INFOPLIST_FILE = Yasir_lab15/Info.plist;
				INFOPLIST_KEY_UIApplicationSupportsIndirectInputEvents = YES;
				INFOPLIST_KEY_UILaunchStoryboardName = LaunchScreen;
				INFOPLIST_KEY_UIMainStoryboardFile = Main;
				INFOPLIST_KEY_UISupportedInterfaceOrientations_iPad = "UIInterfaceOrientationPortrait UIInterfaceOrientationPortraitUpsideDown UIInterfaceOrientationLandscapeLeft UIInterfaceOrientationLandscapeRight";
				INFOPLIST_KEY_UISupportedInterfaceOrientations_iPhone = "UIInterfaceOrientationPortrait UIInterfaceOrientationLandscapeLeft UIInterfaceOrientationLandscapeRight";
				LD_RUNPATH_SEARCH_PATHS = (
					"$(inherited)",
					"@executable_path/Frameworks",
				);
				MARKETING_VERSION = 1.0;
				PRODUCT_BUNDLE_IDENTIFIER = "tuwaiq.ios.Yasir-lab15";
				PRODUCT_NAME = "$(TARGET_NAME)";
				SWIFT_EMIT_LOC_STRINGS = YES;
				SWIFT_VERSION = 5.0;
				TARGETED_DEVICE_FAMILY = "1,2";
			};
			name = Release;
		};
		4596CAFC2729AFFD00E35C7C /* Debug */ = {
			isa = XCBuildConfiguration;
			buildSettings = {
				ALWAYS_EMBED_SWIFT_STANDARD_LIBRARIES = YES;
				BUNDLE_LOADER = "$(TEST_HOST)";
				CODE_SIGN_STYLE = Automatic;
				CURRENT_PROJECT_VERSION = 1;
				GENERATE_INFOPLIST_FILE = YES;
				IPHONEOS_DEPLOYMENT_TARGET = 15.0;
				LD_RUNPATH_SEARCH_PATHS = (
					"$(inherited)",
					"@executable_path/Frameworks",
					"@loader_path/Frameworks",
				);
				MARKETING_VERSION = 1.0;
				PRODUCT_BUNDLE_IDENTIFIER = "tuwaiq.ios.Yasir-lab15Tests";
				PRODUCT_NAME = "$(TARGET_NAME)";
				SWIFT_EMIT_LOC_STRINGS = NO;
				SWIFT_VERSION = 5.0;
				TARGETED_DEVICE_FAMILY = "1,2";
				TEST_HOST = "$(BUILT_PRODUCTS_DIR)/Yasir_lab15.app/Yasir_lab15";
			};
			name = Debug;
		};
		4596CAFD2729AFFD00E35C7C /* Release */ = {
			isa = XCBuildConfiguration;
			buildSettings = {
				ALWAYS_EMBED_SWIFT_STANDARD_LIBRARIES = YES;
				BUNDLE_LOADER = "$(TEST_HOST)";
				CODE_SIGN_STYLE = Automatic;
				CURRENT_PROJECT_VERSION = 1;
				GENERATE_INFOPLIST_FILE = YES;
				IPHONEOS_DEPLOYMENT_TARGET = 15.0;
				LD_RUNPATH_SEARCH_PATHS = (
					"$(inherited)",
					"@executable_path/Frameworks",
					"@loader_path/Frameworks",
				);
				MARKETING_VERSION = 1.0;
				PRODUCT_BUNDLE_IDENTIFIER = "tuwaiq.ios.Yasir-lab15Tests";
				PRODUCT_NAME = "$(TARGET_NAME)";
				SWIFT_EMIT_LOC_STRINGS = NO;
				SWIFT_VERSION = 5.0;
				TARGETED_DEVICE_FAMILY = "1,2";
				TEST_HOST = "$(BUILT_PRODUCTS_DIR)/Yasir_lab15.app/Yasir_lab15";
			};
			name = Release;
		};
		4596CAFF2729AFFD00E35C7C /* Debug */ = {
			isa = XCBuildConfiguration;
			buildSettings = {
				ALWAYS_EMBED_SWIFT_STANDARD_LIBRARIES = YES;
				CODE_SIGN_STYLE = Automatic;
				CURRENT_PROJECT_VERSION = 1;
				GENERATE_INFOPLIST_FILE = YES;
				LD_RUNPATH_SEARCH_PATHS = (
					"$(inherited)",
					"@executable_path/Frameworks",
					"@loader_path/Frameworks",
				);
				MARKETING_VERSION = 1.0;
				PRODUCT_BUNDLE_IDENTIFIER = "tuwaiq.ios.Yasir-lab15UITests";
				PRODUCT_NAME = "$(TARGET_NAME)";
				SWIFT_EMIT_LOC_STRINGS = NO;
				SWIFT_VERSION = 5.0;
				TARGETED_DEVICE_FAMILY = "1,2";
				TEST_TARGET_NAME = Yasir_lab15;
			};
			name = Debug;
		};
		4596CB002729AFFD00E35C7C /* Release */ = {
			isa = XCBuildConfiguration;
			buildSettings = {
				ALWAYS_EMBED_SWIFT_STANDARD_LIBRARIES = YES;
				CODE_SIGN_STYLE = Automatic;
				CURRENT_PROJECT_VERSION = 1;
				GENERATE_INFOPLIST_FILE = YES;
				LD_RUNPATH_SEARCH_PATHS = (
					"$(inherited)",
					"@executable_path/Frameworks",
					"@loader_path/Frameworks",
				);
				MARKETING_VERSION = 1.0;
				PRODUCT_BUNDLE_IDENTIFIER = "tuwaiq.ios.Yasir-lab15UITests";
				PRODUCT_NAME = "$(TARGET_NAME)";
				SWIFT_EMIT_LOC_STRINGS = NO;
				SWIFT_VERSION = 5.0;
				TARGETED_DEVICE_FAMILY = "1,2";
				TEST_TARGET_NAME = Yasir_lab15;
			};
			name = Release;
		};
/* End XCBuildConfiguration section */

/* Begin XCConfigurationList section */
		4596CAC92729AFFD00E35C7C /* Build configuration list for PBXProject "Yasir_lab15" */ = {
			isa = XCConfigurationList;
			buildConfigurations = (
				4596CAF62729AFFD00E35C7C /* Debug */,
				4596CAF72729AFFD00E35C7C /* Release */,
			);
			defaultConfigurationIsVisible = 0;
			defaultConfigurationName = Release;
		};
		4596CAF82729AFFD00E35C7C /* Build configuration list for PBXNativeTarget "Yasir_lab15" */ = {
			isa = XCConfigurationList;
			buildConfigurations = (
				4596CAF92729AFFD00E35C7C /* Debug */,
				4596CAFA2729AFFD00E35C7C /* Release */,
			);
			defaultConfigurationIsVisible = 0;
			defaultConfigurationName = Release;
		};
		4596CAFB2729AFFD00E35C7C /* Build configuration list for PBXNativeTarget "Yasir_lab15Tests" */ = {
			isa = XCConfigurationList;
			buildConfigurations = (
				4596CAFC2729AFFD00E35C7C /* Debug */,
				4596CAFD2729AFFD00E35C7C /* Release */,
			);
			defaultConfigurationIsVisible = 0;
			defaultConfigurationName = Release;
		};
		4596CAFE2729AFFD00E35C7C /* Build configuration list for PBXNativeTarget "Yasir_lab15UITests" */ = {
			isa = XCConfigurationList;
			buildConfigurations = (
				4596CAFF2729AFFD00E35C7C /* Debug */,
				4596CB002729AFFD00E35C7C /* Release */,
			);
			defaultConfigurationIsVisible = 0;
			defaultConfigurationName = Release;
		};
/* End XCConfigurationList section */
	};
	rootObject = 4596CAC62729AFFD00E35C7C /* Project object */;
}
